
Microsoft Visual Studio Solution File, Format Version 12.00
# Visual Studio Version 17
Project("{2150E333-8FDC-42A3-9474-1A3956D46DE8}") = "CMakePredefinedTargets", "CMakePredefinedTargets", "{18BCBF84-7CC7-3CC0-8968-9C5AB5A5C2E5}"
EndProject
Project("{2150E333-8FDC-42A3-9474-1A3956D46DE8}") = "GLFW3", "GLFW3", "{05DCC74F-A27D-3C0F-B7C1-0AF574B8F46C}"
EndProject
Project("{8BC9CEB8-8B4A-11D0-8D11-00A0C91BC942}") = "ALL_BUILD", "ALL_BUILD.vcxproj", "{8A9DE247-D532-3D9D-86ED-915EFEBCC49C}"
	ProjectSection(ProjectDependencies) = postProject
		{2BFDFCE9-BD56-3FB9-BB2A-062C9B725742} = {2BFDFCE9-BD56-3FB9-BB2A-062C9B725742}
		{48AE85AF-E3FE-385E-88C7-88BF285EC204} = {48AE85AF-E3FE-385E-88C7-88BF285EC204}
		{9EFE4317-720B-379F-B5D0-0FA37E03986B} = {9EFE4317-720B-379F-B5D0-0FA37E03986B}
		{281C4295-DCBD-32CB-848E-A913FE3DD90A} = {281C4295-DCBD-32CB-848E-A913FE3DD90A}
		{0D62C28D-EE53-3EF1-B862-60503941AF0E} = {0D62C28D-EE53-3EF1-B862-60503941AF0E}
		{5377156F-D511-3D1B-A86B-6AB8FB94EA7F} = {5377156F-D511-3D1B-A86B-6AB8FB94EA7F}
		{B7323734-94B5-34D5-A49A-7E4D808A231A} = {B7323734-94B5-34D5-A49A-7E4D808A231A}
	EndProjectSection
EndProject
Project("{8BC9CEB8-8B4A-11D0-8D11-00A0C91BC942}") = "INSTALL", "INSTALL.vcxproj", "{2B1B3C68-3FC7-3688-A4C5-258D79ED476D}"
	ProjectSection(ProjectDependencies) = postProject
		{8A9DE247-D532-3D9D-86ED-915EFEBCC49C} = {8A9DE247-D532-3D9D-86ED-915EFEBCC49C}
		{48AE85AF-E3FE-385E-88C7-88BF285EC204} = {48AE85AF-E3FE-385E-88C7-88BF285EC204}
	EndProjectSection
EndProject
Project("{8BC9CEB8-8B4A-11D0-8D11-00A0C91BC942}") = "ThinMatrix", "ThinMatrix.vcxproj", "{2BFDFCE9-BD56-3FB9-BB2A-062C9B725742}"
	ProjectSection(ProjectDependencies) = postProject
		{48AE85AF-E3FE-385E-88C7-88BF285EC204} = {48AE85AF-E3FE-385E-88C7-88BF285EC204}
		{9EFE4317-720B-379F-B5D0-0FA37E03986B} = {9EFE4317-720B-379F-B5D0-0FA37E03986B}
		{281C4295-DCBD-32CB-848E-A913FE3DD90A} = {281C4295-DCBD-32CB-848E-A913FE3DD90A}
		{0D62C28D-EE53-3EF1-B862-60503941AF0E} = {0D62C28D-EE53-3EF1-B862-60503941AF0E}
		{5377156F-D511-3D1B-A86B-6AB8FB94EA7F} = {5377156F-D511-3D1B-A86B-6AB8FB94EA7F}
		{B7323734-94B5-34D5-A49A-7E4D808A231A} = {B7323734-94B5-34D5-A49A-7E4D808A231A}
	EndProjectSection
EndProject
Project("{8BC9CEB8-8B4A-11D0-8D11-00A0C91BC942}") = "UpdateAssimpLibsDebugSymbolsAndDLLs", "libs\assimp\UpdateAssimpLibsDebugSymbolsAndDLLs.vcxproj", "{D96042BA-D697-39D3-83F0-FD8C8C364E2B}"
	ProjectSection(ProjectDependencies) = postProject
		{48AE85AF-E3FE-385E-88C7-88BF285EC204} = {48AE85AF-E3FE-385E-88C7-88BF285EC204}
	EndProjectSection
EndProject
Project("{8BC9CEB8-8B4A-11D0-8D11-00A0C91BC942}") = "ZERO_CHECK", "ZERO_CHECK.vcxproj", "{48AE85AF-E3FE-385E-88C7-88BF285EC204}"
	ProjectSection(ProjectDependencies) = postProject
	EndProjectSection
EndProject
Project("{8BC9CEB8-8B4A-11D0-8D11-00A0C91BC942}") = "assimp", "libs\assimp\code\assimp.vcxproj", "{9EFE4317-720B-379F-B5D0-0FA37E03986B}"
	ProjectSection(ProjectDependencies) = postProject
		{48AE85AF-E3FE-385E-88C7-88BF285EC204} = {48AE85AF-E3FE-385E-88C7-88BF285EC204}
		{B7323734-94B5-34D5-A49A-7E4D808A231A} = {B7323734-94B5-34D5-A49A-7E4D808A231A}
	EndProjectSection
EndProject
Project("{8BC9CEB8-8B4A-11D0-8D11-00A0C91BC942}") = "glad", "libs\glad\glad.vcxproj", "{281C4295-DCBD-32CB-848E-A913FE3DD90A}"
	ProjectSection(ProjectDependencies) = postProject
		{48AE85AF-E3FE-385E-88C7-88BF285EC204} = {48AE85AF-E3FE-385E-88C7-88BF285EC204}
	EndProjectSection
EndProject
Project("{8BC9CEB8-8B4A-11D0-8D11-00A0C91BC942}") = "glfw", "libs\glfw\src\glfw.vcxproj", "{0D62C28D-EE53-3EF1-B862-60503941AF0E}"
	ProjectSection(ProjectDependencies) = postProject
		{48AE85AF-E3FE-385E-88C7-88BF285EC204} = {48AE85AF-E3FE-385E-88C7-88BF285EC204}
	EndProjectSection
EndProject
Project("{8BC9CEB8-8B4A-11D0-8D11-00A0C91BC942}") = "stb_image", "libs\stb_image\stb_image.vcxproj", "{5377156F-D511-3D1B-A86B-6AB8FB94EA7F}"
	ProjectSection(ProjectDependencies) = postProject
		{48AE85AF-E3FE-385E-88C7-88BF285EC204} = {48AE85AF-E3FE-385E-88C7-88BF285EC204}
	EndProjectSection
EndProject
Project("{8BC9CEB8-8B4A-11D0-8D11-00A0C91BC942}") = "update_mappings", "libs\glfw\src\update_mappings.vcxproj", "{D30ECA0C-955B-332C-AE62-2B8E586B722A}"
	ProjectSection(ProjectDependencies) = postProject
		{48AE85AF-E3FE-385E-88C7-88BF285EC204} = {48AE85AF-E3FE-385E-88C7-88BF285EC204}
	EndProjectSection
EndProject
Project("{8BC9CEB8-8B4A-11D0-8D11-00A0C91BC942}") = "zlibstatic", "libs\assimp\contrib\zlib\zlibstatic.vcxproj", "{B7323734-94B5-34D5-A49A-7E4D808A231A}"
	ProjectSection(ProjectDependencies) = postProject
		{48AE85AF-E3FE-385E-88C7-88BF285EC204} = {48AE85AF-E3FE-385E-88C7-88BF285EC204}
	EndProjectSection
EndProject
Global
	GlobalSection(SolutionConfigurationPlatforms) = preSolution
		Debug|x64 = Debug|x64
		Release|x64 = Release|x64
		MinSizeRel|x64 = MinSizeRel|x64
		RelWithDebInfo|x64 = RelWithDebInfo|x64
	EndGlobalSection
	GlobalSection(ProjectConfigurationPlatforms) = postSolution
		{8A9DE247-D532-3D9D-86ED-915EFEBCC49C}.Debug|x64.ActiveCfg = Debug|x64
		{8A9DE247-D532-3D9D-86ED-915EFEBCC49C}.Debug|x64.Build.0 = Debug|x64
		{8A9DE247-D532-3D9D-86ED-915EFEBCC49C}.Release|x64.ActiveCfg = Release|x64
		{8A9DE247-D532-3D9D-86ED-915EFEBCC49C}.Release|x64.Build.0 = Release|x64
		{8A9DE247-D532-3D9D-86ED-915EFEBCC49C}.MinSizeRel|x64.ActiveCfg = MinSizeRel|x64
		{8A9DE247-D532-3D9D-86ED-915EFEBCC49C}.MinSizeRel|x64.Build.0 = MinSizeRel|x64
		{8A9DE247-D532-3D9D-86ED-915EFEBCC49C}.RelWithDebInfo|x64.ActiveCfg = RelWithDebInfo|x64
		{8A9DE247-D532-3D9D-86ED-915EFEBCC49C}.RelWithDebInfo|x64.Build.0 = RelWithDebInfo|x64
		{2B1B3C68-3FC7-3688-A4C5-258D79ED476D}.Debug|x64.ActiveCfg = Debug|x64
		{2B1B3C68-3FC7-3688-A4C5-258D79ED476D}.Release|x64.ActiveCfg = Release|x64
		{2B1B3C68-3FC7-3688-A4C5-258D79ED476D}.MinSizeRel|x64.ActiveCfg = MinSizeRel|x64
		{2B1B3C68-3FC7-3688-A4C5-258D79ED476D}.RelWithDebInfo|x64.ActiveCfg = RelWithDebInfo|x64
		{2BFDFCE9-BD56-3FB9-BB2A-062C9B725742}.Debug|x64.ActiveCfg = Debug|x64
		{2BFDFCE9-BD56-3FB9-BB2A-062C9B725742}.Debug|x64.Build.0 = Debug|x64
		{2BFDFCE9-BD56-3FB9-BB2A-062C9B725742}.Release|x64.ActiveCfg = Release|x64
		{2BFDFCE9-BD56-3FB9-BB2A-062C9B725742}.Release|x64.Build.0 = Release|x64
		{2BFDFCE9-BD56-3FB9-BB2A-062C9B725742}.MinSizeRel|x64.ActiveCfg = MinSizeRel|x64
		{2BFDFCE9-BD56-3FB9-BB2A-062C9B725742}.MinSizeRel|x64.Build.0 = MinSizeRel|x64
		{2BFDFCE9-BD56-3FB9-BB2A-062C9B725742}.RelWithDebInfo|x64.ActiveCfg = RelWithDebInfo|x64
		{2BFDFCE9-BD56-3FB9-BB2A-062C9B725742}.RelWithDebInfo|x64.Build.0 = RelWithDebInfo|x64
		{D96042BA-D697-39D3-83F0-FD8C8C364E2B}.Debug|x64.ActiveCfg = Debug|x64
		{D96042BA-D697-39D3-83F0-FD8C8C364E2B}.Release|x64.ActiveCfg = Release|x64
		{D96042BA-D697-39D3-83F0-FD8C8C364E2B}.MinSizeRel|x64.ActiveCfg = MinSizeRel|x64
		{D96042BA-D697-39D3-83F0-FD8C8C364E2B}.RelWithDebInfo|x64.ActiveCfg = RelWithDebInfo|x64
		{48AE85AF-E3FE-385E-88C7-88BF285EC204}.Debug|x64.ActiveCfg = Debug|x64
		{48AE85AF-E3FE-385E-88C7-88BF285EC204}.Debug|x64.Build.0 = Debug|x64
		{48AE85AF-E3FE-385E-88C7-88BF285EC204}.Release|x64.ActiveCfg = Release|x64
		{48AE85AF-E3FE-385E-88C7-88BF285EC204}.Release|x64.Build.0 = Release|x64
		{48AE85AF-E3FE-385E-88C7-88BF285EC204}.MinSizeRel|x64.ActiveCfg = MinSizeRel|x64
		{48AE85AF-E3FE-385E-88C7-88BF285EC204}.MinSizeRel|x64.Build.0 = MinSizeRel|x64
		{48AE85AF-E3FE-385E-88C7-88BF285EC204}.RelWithDebInfo|x64.ActiveCfg = RelWithDebInfo|x64
		{48AE85AF-E3FE-385E-88C7-88BF285EC204}.RelWithDebInfo|x64.Build.0 = RelWithDebInfo|x64
		{9EFE4317-720B-379F-B5D0-0FA37E03986B}.Debug|x64.ActiveCfg = Debug|x64
		{9EFE4317-720B-379F-B5D0-0FA37E03986B}.Debug|x64.Build.0 = Debug|x64
		{9EFE4317-720B-379F-B5D0-0FA37E03986B}.Release|x64.ActiveCfg = Release|x64
		{9EFE4317-720B-379F-B5D0-0FA37E03986B}.Release|x64.Build.0 = Release|x64
		{9EFE4317-720B-379F-B5D0-0FA37E03986B}.MinSizeRel|x64.ActiveCfg = MinSizeRel|x64
		{9EFE4317-720B-379F-B5D0-0FA37E03986B}.MinSizeRel|x64.Build.0 = MinSizeRel|x64
		{9EFE4317-720B-379F-B5D0-0FA37E03986B}.RelWithDebInfo|x64.ActiveCfg = RelWithDebInfo|x64
		{9EFE4317-720B-379F-B5D0-0FA37E03986B}.RelWithDebInfo|x64.Build.0 = RelWithDebInfo|x64
		{281C4295-DCBD-32CB-848E-A913FE3DD90A}.Debug|x64.ActiveCfg = Debug|x64
		{281C4295-DCBD-32CB-848E-A913FE3DD90A}.Debug|x64.Build.0 = Debug|x64
		{281C4295-DCBD-32CB-848E-A913FE3DD90A}.Release|x64.ActiveCfg = Release|x64
		{281C4295-DCBD-32CB-848E-A913FE3DD90A}.Release|x64.Build.0 = Release|x64
		{281C4295-DCBD-32CB-848E-A913FE3DD90A}.MinSizeRel|x64.ActiveCfg = MinSizeRel|x64
		{281C4295-DCBD-32CB-848E-A913FE3DD90A}.MinSizeRel|x64.Build.0 = MinSizeRel|x64
		{281C4295-DCBD-32CB-848E-A913FE3DD90A}.RelWithDebInfo|x64.ActiveCfg = RelWithDebInfo|x64
		{281C4295-DCBD-32CB-848E-A913FE3DD90A}.RelWithDebInfo|x64.Build.0 = RelWithDebInfo|x64
		{0D62C28D-EE53-3EF1-B862-60503941AF0E}.Debug|x64.ActiveCfg = Debug|x64
		{0D62C28D-EE53-3EF1-B862-60503941AF0E}.Debug|x64.Build.0 = Debug|x64
		{0D62C28D-EE53-3EF1-B862-60503941AF0E}.Release|x64.ActiveCfg = Release|x64
		{0D62C28D-EE53-3EF1-B862-60503941AF0E}.Release|x64.Build.0 = Release|x64
		{0D62C28D-EE53-3EF1-B862-60503941AF0E}.MinSizeRel|x64.ActiveCfg = MinSizeRel|x64
		{0D62C28D-EE53-3EF1-B862-60503941AF0E}.MinSizeRel|x64.Build.0 = MinSizeRel|x64
		{0D62C28D-EE53-3EF1-B862-60503941AF0E}.RelWithDebInfo|x64.ActiveCfg = RelWithDebInfo|x64
		{0D62C28D-EE53-3EF1-B862-60503941AF0E}.RelWithDebInfo|x64.Build.0 = RelWithDebInfo|x64
		{5377156F-D511-3D1B-A86B-6AB8FB94EA7F}.Debug|x64.ActiveCfg = Debug|x64
		{5377156F-D511-3D1B-A86B-6AB8FB94EA7F}.Debug|x64.Build.0 = Debug|x64
		{5377156F-D511-3D1B-A86B-6AB8FB94EA7F}.Release|x64.ActiveCfg = Release|x64
		{5377156F-D511-3D1B-A86B-6AB8FB94EA7F}.Release|x64.Build.0 = Release|x64
		{5377156F-D511-3D1B-A86B-6AB8FB94EA7F}.MinSizeRel|x64.ActiveCfg = MinSizeRel|x64
		{5377156F-D511-3D1B-A86B-6AB8FB94EA7F}.MinSizeRel|x64.Build.0 = MinSizeRel|x64
		{5377156F-D511-3D1B-A86B-6AB8FB94EA7F}.RelWithDebInfo|x64.ActiveCfg = RelWithDebInfo|x64
		{5377156F-D511-3D1B-A86B-6AB8FB94EA7F}.RelWithDebInfo|x64.Build.0 = RelWithDebInfo|x64
		{D30ECA0C-955B-332C-AE62-2B8E586B722A}.Debug|x64.ActiveCfg = Debug|x64
		{D30ECA0C-955B-332C-AE62-2B8E586B722A}.Release|x64.ActiveCfg = Release|x64
		{D30ECA0C-955B-332C-AE62-2B8E586B722A}.MinSizeRel|x64.ActiveCfg = MinSizeRel|x64
		{D30ECA0C-955B-332C-AE62-2B8E586B722A}.RelWithDebInfo|x64.ActiveCfg = RelWithDebInfo|x64
		{B7323734-94B5-34D5-A49A-7E4D808A231A}.Debug|x64.ActiveCfg = Debug|x64
		{B7323734-94B5-34D5-A49A-7E4D808A231A}.Debug|x64.Build.0 = Debug|x64
		{B7323734-94B5-34D5-A49A-7E4D808A231A}.Release|x64.ActiveCfg = Release|x64
		{B7323734-94B5-34D5-A49A-7E4D808A231A}.Release|x64.Build.0 = Release|x64
		{B7323734-94B5-34D5-A49A-7E4D808A231A}.MinSizeRel|x64.ActiveCfg = MinSizeRel|x64
		{B7323734-94B5-34D5-A49A-7E4D808A231A}.MinSizeRel|x64.Build.0 = MinSizeRel|x64
		{B7323734-94B5-34D5-A49A-7E4D808A231A}.RelWithDebInfo|x64.ActiveCfg = RelWithDebInfo|x64
		{B7323734-94B5-34D5-A49A-7E4D808A231A}.RelWithDebInfo|x64.Build.0 = RelWithDebInfo|x64
	EndGlobalSection
	GlobalSection(NestedProjects) = preSolution
		{8A9DE247-D532-3D9D-86ED-915EFEBCC49C} = {18BCBF84-7CC7-3CC0-8968-9C5AB5A5C2E5}
		{2B1B3C68-3FC7-3688-A4C5-258D79ED476D} = {18BCBF84-7CC7-3CC0-8968-9C5AB5A5C2E5}
		{48AE85AF-E3FE-385E-88C7-88BF285EC204} = {18BCBF84-7CC7-3CC0-8968-9C5AB5A5C2E5}
		{0D62C28D-EE53-3EF1-B862-60503941AF0E} = {05DCC74F-A27D-3C0F-B7C1-0AF574B8F46C}
		{D30ECA0C-955B-332C-AE62-2B8E586B722A} = {05DCC74F-A27D-3C0F-B7C1-0AF574B8F46C}
	EndGlobalSection
	GlobalSection(ExtensibilityGlobals) = postSolution
		SolutionGuid = {1B5573CE-0D51-3FDD-9C79-E6DD56D18771}
	EndGlobalSection
	GlobalSection(ExtensibilityAddIns) = postSolution
	EndGlobalSection
EndGlobal
