
Microsoft Visual Studio Solution File, Format Version 12.00
# Visual Studio Version 17
Project("{2150E333-8FDC-42A3-9474-1A3956D46DE8}") = "CMakePredefinedTargets", "CMakePredefinedTargets", "{20283993-FCEB-3BB2-8081-8677F0C4F63F}"
EndProject
Project("{2150E333-8FDC-42A3-9474-1A3956D46DE8}") = "GLFW3", "GLFW3", "{97A5C5A3-69C2-3E58-9E42-7EF7E2C24266}"
EndProject
Project("{8BC9CEB8-8B4A-11D0-8D11-00A0C91BC942}") = "ALL_BUILD", "ALL_BUILD.vcxproj", "{6313C758-3E55-3A01-B589-E15E8A7444A8}"
	ProjectSection(ProjectDependencies) = postProject
		{012142B3-D7A8-3F45-A5F1-51A141304123} = {012142B3-D7A8-3F45-A5F1-51A141304123}
		{EFF9217F-2B10-30AF-B610-0E2AE8FE54EE} = {EFF9217F-2B10-30AF-B610-0E2AE8FE54EE}
	EndProjectSection
EndProject
Project("{8BC9CEB8-8B4A-11D0-8D11-00A0C91BC942}") = "INSTALL", "INSTALL.vcxproj", "{A1E59D77-29AC-3D92-B3DA-F895A7BF6BDE}"
	ProjectSection(ProjectDependencies) = postProject
		{6313C758-3E55-3A01-B589-E15E8A7444A8} = {6313C758-3E55-3A01-B589-E15E8A7444A8}
		{012142B3-D7A8-3F45-A5F1-51A141304123} = {012142B3-D7A8-3F45-A5F1-51A141304123}
	EndProjectSection
EndProject
Project("{8BC9CEB8-8B4A-11D0-8D11-00A0C91BC942}") = "ZERO_CHECK", "..\..\\ZERO_CHECK.vcxproj", "{012142B3-D7A8-3F45-A5F1-51A141304123}"
	ProjectSection(ProjectDependencies) = postProject
	EndProjectSection
EndProject
Project("{8BC9CEB8-8B4A-11D0-8D11-00A0C91BC942}") = "glfw", "src\glfw.vcxproj", "{EFF9217F-2B10-30AF-B610-0E2AE8FE54EE}"
	ProjectSection(ProjectDependencies) = postProject
		{012142B3-D7A8-3F45-A5F1-51A141304123} = {012142B3-D7A8-3F45-A5F1-51A141304123}
	EndProjectSection
EndProject
Project("{8BC9CEB8-8B4A-11D0-8D11-00A0C91BC942}") = "update_mappings", "src\update_mappings.vcxproj", "{A285C798-4C54-388D-942A-769E17D56B27}"
	ProjectSection(ProjectDependencies) = postProject
		{012142B3-D7A8-3F45-A5F1-51A141304123} = {012142B3-D7A8-3F45-A5F1-51A141304123}
	EndProjectSection
EndProject
Global
	GlobalSection(SolutionConfigurationPlatforms) = preSolution
		Debug|x64 = Debug|x64
		Release|x64 = Release|x64
		MinSizeRel|x64 = MinSizeRel|x64
		RelWithDebInfo|x64 = RelWithDebInfo|x64
	EndGlobalSection
	GlobalSection(ProjectConfigurationPlatforms) = postSolution
		{6313C758-3E55-3A01-B589-E15E8A7444A8}.Debug|x64.ActiveCfg = Debug|x64
		{6313C758-3E55-3A01-B589-E15E8A7444A8}.Debug|x64.Build.0 = Debug|x64
		{6313C758-3E55-3A01-B589-E15E8A7444A8}.Release|x64.ActiveCfg = Release|x64
		{6313C758-3E55-3A01-B589-E15E8A7444A8}.Release|x64.Build.0 = Release|x64
		{6313C758-3E55-3A01-B589-E15E8A7444A8}.MinSizeRel|x64.ActiveCfg = MinSizeRel|x64
		{6313C758-3E55-3A01-B589-E15E8A7444A8}.MinSizeRel|x64.Build.0 = MinSizeRel|x64
		{6313C758-3E55-3A01-B589-E15E8A7444A8}.RelWithDebInfo|x64.ActiveCfg = RelWithDebInfo|x64
		{6313C758-3E55-3A01-B589-E15E8A7444A8}.RelWithDebInfo|x64.Build.0 = RelWithDebInfo|x64
		{A1E59D77-29AC-3D92-B3DA-F895A7BF6BDE}.Debug|x64.ActiveCfg = Debug|x64
		{A1E59D77-29AC-3D92-B3DA-F895A7BF6BDE}.Release|x64.ActiveCfg = Release|x64
		{A1E59D77-29AC-3D92-B3DA-F895A7BF6BDE}.MinSizeRel|x64.ActiveCfg = MinSizeRel|x64
		{A1E59D77-29AC-3D92-B3DA-F895A7BF6BDE}.RelWithDebInfo|x64.ActiveCfg = RelWithDebInfo|x64
		{012142B3-D7A8-3F45-A5F1-51A141304123}.Debug|x64.ActiveCfg = Debug|x64
		{012142B3-D7A8-3F45-A5F1-51A141304123}.Debug|x64.Build.0 = Debug|x64
		{012142B3-D7A8-3F45-A5F1-51A141304123}.Release|x64.ActiveCfg = Release|x64
		{012142B3-D7A8-3F45-A5F1-51A141304123}.Release|x64.Build.0 = Release|x64
		{012142B3-D7A8-3F45-A5F1-51A141304123}.MinSizeRel|x64.ActiveCfg = MinSizeRel|x64
		{012142B3-D7A8-3F45-A5F1-51A141304123}.MinSizeRel|x64.Build.0 = MinSizeRel|x64
		{012142B3-D7A8-3F45-A5F1-51A141304123}.RelWithDebInfo|x64.ActiveCfg = RelWithDebInfo|x64
		{012142B3-D7A8-3F45-A5F1-51A141304123}.RelWithDebInfo|x64.Build.0 = RelWithDebInfo|x64
		{EFF9217F-2B10-30AF-B610-0E2AE8FE54EE}.Debug|x64.ActiveCfg = Debug|x64
		{EFF9217F-2B10-30AF-B610-0E2AE8FE54EE}.Debug|x64.Build.0 = Debug|x64
		{EFF9217F-2B10-30AF-B610-0E2AE8FE54EE}.Release|x64.ActiveCfg = Release|x64
		{EFF9217F-2B10-30AF-B610-0E2AE8FE54EE}.Release|x64.Build.0 = Release|x64
		{EFF9217F-2B10-30AF-B610-0E2AE8FE54EE}.MinSizeRel|x64.ActiveCfg = MinSizeRel|x64
		{EFF9217F-2B10-30AF-B610-0E2AE8FE54EE}.MinSizeRel|x64.Build.0 = MinSizeRel|x64
		{EFF9217F-2B10-30AF-B610-0E2AE8FE54EE}.RelWithDebInfo|x64.ActiveCfg = RelWithDebInfo|x64
		{EFF9217F-2B10-30AF-B610-0E2AE8FE54EE}.RelWithDebInfo|x64.Build.0 = RelWithDebInfo|x64
		{A285C798-4C54-388D-942A-769E17D56B27}.Debug|x64.ActiveCfg = Debug|x64
		{A285C798-4C54-388D-942A-769E17D56B27}.Release|x64.ActiveCfg = Release|x64
		{A285C798-4C54-388D-942A-769E17D56B27}.MinSizeRel|x64.ActiveCfg = MinSizeRel|x64
		{A285C798-4C54-388D-942A-769E17D56B27}.RelWithDebInfo|x64.ActiveCfg = RelWithDebInfo|x64
	EndGlobalSection
	GlobalSection(NestedProjects) = preSolution
		{6313C758-3E55-3A01-B589-E15E8A7444A8} = {20283993-FCEB-3BB2-8081-8677F0C4F63F}
		{A1E59D77-29AC-3D92-B3DA-F895A7BF6BDE} = {20283993-FCEB-3BB2-8081-8677F0C4F63F}
		{012142B3-D7A8-3F45-A5F1-51A141304123} = {20283993-FCEB-3BB2-8081-8677F0C4F63F}
		{EFF9217F-2B10-30AF-B610-0E2AE8FE54EE} = {97A5C5A3-69C2-3E58-9E42-7EF7E2C24266}
		{A285C798-4C54-388D-942A-769E17D56B27} = {97A5C5A3-69C2-3E58-9E42-7EF7E2C24266}
	EndGlobalSection
	GlobalSection(ExtensibilityGlobals) = postSolution
		SolutionGuid = {21751079-171C-3C01-AF9B-1A2250760130}
	EndGlobalSection
	GlobalSection(ExtensibilityAddIns) = postSolution
	EndGlobalSection
EndGlobal
