<?xml version="1.0" encoding="utf-8"?>
<Project ToolsVersion="17.0" xmlns="http://schemas.microsoft.com/developer/msbuild/2003">
  <ItemGroup>
    <ClCompile Include="T:\VisualStudio\ThinMatrix\libs\assimp\contrib\zlib\adler32.c">
      <Filter>Source Files</Filter>
    </ClCompile>
    <ClCompile Include="T:\VisualStudio\ThinMatrix\libs\assimp\contrib\zlib\compress.c">
      <Filter>Source Files</Filter>
    </ClCompile>
    <ClCompile Include="T:\VisualStudio\ThinMatrix\libs\assimp\contrib\zlib\crc32.c">
      <Filter>Source Files</Filter>
    </ClCompile>
    <ClCompile Include="T:\VisualStudio\ThinMatrix\libs\assimp\contrib\zlib\deflate.c">
      <Filter>Source Files</Filter>
    </ClCompile>
    <ClCompile Include="T:\VisualStudio\ThinMatrix\libs\assimp\contrib\zlib\gzclose.c">
      <Filter>Source Files</Filter>
    </ClCompile>
    <ClCompile Include="T:\VisualStudio\ThinMatrix\libs\assimp\contrib\zlib\gzlib.c">
      <Filter>Source Files</Filter>
    </ClCompile>
    <ClCompile Include="T:\VisualStudio\ThinMatrix\libs\assimp\contrib\zlib\gzread.c">
      <Filter>Source Files</Filter>
    </ClCompile>
    <ClCompile Include="T:\VisualStudio\ThinMatrix\libs\assimp\contrib\zlib\gzwrite.c">
      <Filter>Source Files</Filter>
    </ClCompile>
    <ClCompile Include="T:\VisualStudio\ThinMatrix\libs\assimp\contrib\zlib\inflate.c">
      <Filter>Source Files</Filter>
    </ClCompile>
    <ClCompile Include="T:\VisualStudio\ThinMatrix\libs\assimp\contrib\zlib\infback.c">
      <Filter>Source Files</Filter>
    </ClCompile>
    <ClCompile Include="T:\VisualStudio\ThinMatrix\libs\assimp\contrib\zlib\inftrees.c">
      <Filter>Source Files</Filter>
    </ClCompile>
    <ClCompile Include="T:\VisualStudio\ThinMatrix\libs\assimp\contrib\zlib\inffast.c">
      <Filter>Source Files</Filter>
    </ClCompile>
    <ClCompile Include="T:\VisualStudio\ThinMatrix\libs\assimp\contrib\zlib\trees.c">
      <Filter>Source Files</Filter>
    </ClCompile>
    <ClCompile Include="T:\VisualStudio\ThinMatrix\libs\assimp\contrib\zlib\uncompr.c">
      <Filter>Source Files</Filter>
    </ClCompile>
    <ClCompile Include="T:\VisualStudio\ThinMatrix\libs\assimp\contrib\zlib\zutil.c">
      <Filter>Source Files</Filter>
    </ClCompile>
  </ItemGroup>
  <ItemGroup>
    <ClInclude Include="T:\VisualStudio\ThinMatrix\build-debug\libs\assimp\contrib\zlib\zconf.h">
      <Filter>Header Files</Filter>
    </ClInclude>
    <ClInclude Include="T:\VisualStudio\ThinMatrix\libs\assimp\contrib\zlib\zlib.h">
      <Filter>Header Files</Filter>
    </ClInclude>
    <ClInclude Include="T:\VisualStudio\ThinMatrix\libs\assimp\contrib\zlib\crc32.h">
      <Filter>Header Files</Filter>
    </ClInclude>
    <ClInclude Include="T:\VisualStudio\ThinMatrix\libs\assimp\contrib\zlib\deflate.h">
      <Filter>Header Files</Filter>
    </ClInclude>
    <ClInclude Include="T:\VisualStudio\ThinMatrix\libs\assimp\contrib\zlib\gzguts.h">
      <Filter>Header Files</Filter>
    </ClInclude>
    <ClInclude Include="T:\VisualStudio\ThinMatrix\libs\assimp\contrib\zlib\inffast.h">
      <Filter>Header Files</Filter>
    </ClInclude>
    <ClInclude Include="T:\VisualStudio\ThinMatrix\libs\assimp\contrib\zlib\inffixed.h">
      <Filter>Header Files</Filter>
    </ClInclude>
    <ClInclude Include="T:\VisualStudio\ThinMatrix\libs\assimp\contrib\zlib\inflate.h">
      <Filter>Header Files</Filter>
    </ClInclude>
    <ClInclude Include="T:\VisualStudio\ThinMatrix\libs\assimp\contrib\zlib\inftrees.h">
      <Filter>Header Files</Filter>
    </ClInclude>
    <ClInclude Include="T:\VisualStudio\ThinMatrix\libs\assimp\contrib\zlib\trees.h">
      <Filter>Header Files</Filter>
    </ClInclude>
    <ClInclude Include="T:\VisualStudio\ThinMatrix\libs\assimp\contrib\zlib\zutil.h">
      <Filter>Header Files</Filter>
    </ClInclude>
  </ItemGroup>
  <ItemGroup>
    <CustomBuild Include="T:\VisualStudio\ThinMatrix\libs\assimp\contrib\zlib\CMakeLists.txt" />
  </ItemGroup>
  <ItemGroup>
    <Filter Include="Header Files">
      <UniqueIdentifier>{87439154-3DCA-35F7-B475-49C85B57E88D}</UniqueIdentifier>
    </Filter>
    <Filter Include="Source Files">
      <UniqueIdentifier>{3643FB77-11F8-3A89-B7C7-E4FF36B5D802}</UniqueIdentifier>
    </Filter>
  </ItemGroup>
</Project>
