<?xml version="1.0" encoding="utf-8"?>
<Project ToolsVersion="17.0" xmlns="http://schemas.microsoft.com/developer/msbuild/2003">
  <ItemGroup>
    <ClCompile Include="T:\VisualStudio\ThinMatrix\libs\assimp\code\Common\Assimp.cpp">
      <Filter>Source Files</Filter>
    </ClCompile>
    <ClCompile Include="T:\VisualStudio\ThinMatrix\libs\assimp\code\CApi\CInterfaceIOWrapper.cpp">
      <Filter>CApi</Filter>
    </ClCompile>
    <ClCompile Include="T:\VisualStudio\ThinMatrix\libs\assimp\code\Common\Compression.cpp">
      <Filter>Common</Filter>
    </ClCompile>
    <ClCompile Include="T:\VisualStudio\ThinMatrix\libs\assimp\code\Common\BaseImporter.cpp">
      <Filter>Common</Filter>
    </ClCompile>
    <ClCompile Include="T:\VisualStudio\ThinMatrix\libs\assimp\code\Common\BaseProcess.cpp">
      <Filter>Common</Filter>
    </ClCompile>
    <ClCompile Include="T:\VisualStudio\ThinMatrix\libs\assimp\code\Common\PostStepRegistry.cpp">
      <Filter>Common</Filter>
    </ClCompile>
    <ClCompile Include="T:\VisualStudio\ThinMatrix\libs\assimp\code\Common\ImporterRegistry.cpp">
      <Filter>Common</Filter>
    </ClCompile>
    <ClCompile Include="T:\VisualStudio\ThinMatrix\libs\assimp\code\Common\DefaultIOStream.cpp">
      <Filter>Common</Filter>
    </ClCompile>
    <ClCompile Include="T:\VisualStudio\ThinMatrix\libs\assimp\code\Common\IOSystem.cpp">
      <Filter>Common</Filter>
    </ClCompile>
    <ClCompile Include="T:\VisualStudio\ThinMatrix\libs\assimp\code\Common\DefaultIOSystem.cpp">
      <Filter>Common</Filter>
    </ClCompile>
    <ClCompile Include="T:\VisualStudio\ThinMatrix\libs\assimp\code\Common\ZipArchiveIOSystem.cpp">
      <Filter>Common</Filter>
    </ClCompile>
    <ClCompile Include="T:\VisualStudio\ThinMatrix\libs\assimp\code\Common\Importer.cpp">
      <Filter>Common</Filter>
    </ClCompile>
    <ClCompile Include="T:\VisualStudio\ThinMatrix\libs\assimp\code\Common\SGSpatialSort.cpp">
      <Filter>Common</Filter>
    </ClCompile>
    <ClCompile Include="T:\VisualStudio\ThinMatrix\libs\assimp\code\Common\VertexTriangleAdjacency.cpp">
      <Filter>Common</Filter>
    </ClCompile>
    <ClCompile Include="T:\VisualStudio\ThinMatrix\libs\assimp\code\Common\SpatialSort.cpp">
      <Filter>Common</Filter>
    </ClCompile>
    <ClCompile Include="T:\VisualStudio\ThinMatrix\libs\assimp\code\Common\SceneCombiner.cpp">
      <Filter>Common</Filter>
    </ClCompile>
    <ClCompile Include="T:\VisualStudio\ThinMatrix\libs\assimp\code\Common\ScenePreprocessor.cpp">
      <Filter>Common</Filter>
    </ClCompile>
    <ClCompile Include="T:\VisualStudio\ThinMatrix\libs\assimp\code\Common\SkeletonMeshBuilder.cpp">
      <Filter>Common</Filter>
    </ClCompile>
    <ClCompile Include="T:\VisualStudio\ThinMatrix\libs\assimp\code\Common\StandardShapes.cpp">
      <Filter>Common</Filter>
    </ClCompile>
    <ClCompile Include="T:\VisualStudio\ThinMatrix\libs\assimp\code\Common\TargetAnimation.cpp">
      <Filter>Common</Filter>
    </ClCompile>
    <ClCompile Include="T:\VisualStudio\ThinMatrix\libs\assimp\code\Common\RemoveComments.cpp">
      <Filter>Common</Filter>
    </ClCompile>
    <ClCompile Include="T:\VisualStudio\ThinMatrix\libs\assimp\code\Common\Subdivision.cpp">
      <Filter>Common</Filter>
    </ClCompile>
    <ClCompile Include="T:\VisualStudio\ThinMatrix\libs\assimp\code\Common\scene.cpp">
      <Filter>Common</Filter>
    </ClCompile>
    <ClCompile Include="T:\VisualStudio\ThinMatrix\libs\assimp\code\Common\Bitmap.cpp">
      <Filter>Common</Filter>
    </ClCompile>
    <ClCompile Include="T:\VisualStudio\ThinMatrix\libs\assimp\code\Common\Version.cpp">
      <Filter>Common</Filter>
    </ClCompile>
    <ClCompile Include="T:\VisualStudio\ThinMatrix\libs\assimp\code\Common\CreateAnimMesh.cpp">
      <Filter>Common</Filter>
    </ClCompile>
    <ClCompile Include="T:\VisualStudio\ThinMatrix\libs\assimp\code\Common\simd.cpp">
      <Filter>Common</Filter>
    </ClCompile>
    <ClCompile Include="T:\VisualStudio\ThinMatrix\libs\assimp\code\Common\material.cpp">
      <Filter>Common</Filter>
    </ClCompile>
    <ClCompile Include="T:\VisualStudio\ThinMatrix\libs\assimp\code\Common\AssertHandler.cpp">
      <Filter>Common</Filter>
    </ClCompile>
    <ClCompile Include="T:\VisualStudio\ThinMatrix\libs\assimp\code\Common\Exceptional.cpp">
      <Filter>Common</Filter>
    </ClCompile>
    <ClCompile Include="T:\VisualStudio\ThinMatrix\libs\assimp\code\Common\Base64.cpp">
      <Filter>Common</Filter>
    </ClCompile>
    <ClCompile Include="T:\VisualStudio\ThinMatrix\libs\assimp\code\Geometry\GeometryUtils.cpp">
      <Filter>Geometry</Filter>
    </ClCompile>
    <ClCompile Include="T:\VisualStudio\ThinMatrix\libs\assimp\code\Common\DefaultLogger.cpp">
      <Filter>Logging</Filter>
    </ClCompile>
    <ClCompile Include="T:\VisualStudio\ThinMatrix\libs\assimp\code\Common\Exporter.cpp">
      <Filter>Exporter</Filter>
    </ClCompile>
    <ClCompile Include="T:\VisualStudio\ThinMatrix\libs\assimp\code\CApi\AssimpCExport.cpp">
      <Filter>Exporter</Filter>
    </ClCompile>
    <ClCompile Include="T:\VisualStudio\ThinMatrix\libs\assimp\code\PostProcessing\CalcTangentsProcess.cpp">
      <Filter>PostProcessing</Filter>
    </ClCompile>
    <ClCompile Include="T:\VisualStudio\ThinMatrix\libs\assimp\code\PostProcessing\ComputeUVMappingProcess.cpp">
      <Filter>PostProcessing</Filter>
    </ClCompile>
    <ClCompile Include="T:\VisualStudio\ThinMatrix\libs\assimp\code\PostProcessing\ConvertToLHProcess.cpp">
      <Filter>PostProcessing</Filter>
    </ClCompile>
    <ClCompile Include="T:\VisualStudio\ThinMatrix\libs\assimp\code\PostProcessing\EmbedTexturesProcess.cpp">
      <Filter>PostProcessing</Filter>
    </ClCompile>
    <ClCompile Include="T:\VisualStudio\ThinMatrix\libs\assimp\code\PostProcessing\FindDegenerates.cpp">
      <Filter>PostProcessing</Filter>
    </ClCompile>
    <ClCompile Include="T:\VisualStudio\ThinMatrix\libs\assimp\code\PostProcessing\FindInstancesProcess.cpp">
      <Filter>PostProcessing</Filter>
    </ClCompile>
    <ClCompile Include="T:\VisualStudio\ThinMatrix\libs\assimp\code\PostProcessing\FindInvalidDataProcess.cpp">
      <Filter>PostProcessing</Filter>
    </ClCompile>
    <ClCompile Include="T:\VisualStudio\ThinMatrix\libs\assimp\code\PostProcessing\FixNormalsStep.cpp">
      <Filter>PostProcessing</Filter>
    </ClCompile>
    <ClCompile Include="T:\VisualStudio\ThinMatrix\libs\assimp\code\PostProcessing\DropFaceNormalsProcess.cpp">
      <Filter>PostProcessing</Filter>
    </ClCompile>
    <ClCompile Include="T:\VisualStudio\ThinMatrix\libs\assimp\code\PostProcessing\GenFaceNormalsProcess.cpp">
      <Filter>PostProcessing</Filter>
    </ClCompile>
    <ClCompile Include="T:\VisualStudio\ThinMatrix\libs\assimp\code\PostProcessing\GenVertexNormalsProcess.cpp">
      <Filter>PostProcessing</Filter>
    </ClCompile>
    <ClCompile Include="T:\VisualStudio\ThinMatrix\libs\assimp\code\PostProcessing\PretransformVertices.cpp">
      <Filter>PostProcessing</Filter>
    </ClCompile>
    <ClCompile Include="T:\VisualStudio\ThinMatrix\libs\assimp\code\PostProcessing\ImproveCacheLocality.cpp">
      <Filter>PostProcessing</Filter>
    </ClCompile>
    <ClCompile Include="T:\VisualStudio\ThinMatrix\libs\assimp\code\PostProcessing\JoinVerticesProcess.cpp">
      <Filter>PostProcessing</Filter>
    </ClCompile>
    <ClCompile Include="T:\VisualStudio\ThinMatrix\libs\assimp\code\PostProcessing\LimitBoneWeightsProcess.cpp">
      <Filter>PostProcessing</Filter>
    </ClCompile>
    <ClCompile Include="T:\VisualStudio\ThinMatrix\libs\assimp\code\PostProcessing\RemoveRedundantMaterials.cpp">
      <Filter>PostProcessing</Filter>
    </ClCompile>
    <ClCompile Include="T:\VisualStudio\ThinMatrix\libs\assimp\code\PostProcessing\RemoveVCProcess.cpp">
      <Filter>PostProcessing</Filter>
    </ClCompile>
    <ClCompile Include="T:\VisualStudio\ThinMatrix\libs\assimp\code\PostProcessing\SortByPTypeProcess.cpp">
      <Filter>PostProcessing</Filter>
    </ClCompile>
    <ClCompile Include="T:\VisualStudio\ThinMatrix\libs\assimp\code\PostProcessing\SplitLargeMeshes.cpp">
      <Filter>PostProcessing</Filter>
    </ClCompile>
    <ClCompile Include="T:\VisualStudio\ThinMatrix\libs\assimp\code\PostProcessing\TextureTransform.cpp">
      <Filter>PostProcessing</Filter>
    </ClCompile>
    <ClCompile Include="T:\VisualStudio\ThinMatrix\libs\assimp\code\PostProcessing\TriangulateProcess.cpp">
      <Filter>PostProcessing</Filter>
    </ClCompile>
    <ClCompile Include="T:\VisualStudio\ThinMatrix\libs\assimp\code\PostProcessing\ValidateDataStructure.cpp">
      <Filter>PostProcessing</Filter>
    </ClCompile>
    <ClCompile Include="T:\VisualStudio\ThinMatrix\libs\assimp\code\PostProcessing\OptimizeGraph.cpp">
      <Filter>PostProcessing</Filter>
    </ClCompile>
    <ClCompile Include="T:\VisualStudio\ThinMatrix\libs\assimp\code\PostProcessing\OptimizeMeshes.cpp">
      <Filter>PostProcessing</Filter>
    </ClCompile>
    <ClCompile Include="T:\VisualStudio\ThinMatrix\libs\assimp\code\PostProcessing\DeboneProcess.cpp">
      <Filter>PostProcessing</Filter>
    </ClCompile>
    <ClCompile Include="T:\VisualStudio\ThinMatrix\libs\assimp\code\PostProcessing\ProcessHelper.cpp">
      <Filter>PostProcessing</Filter>
    </ClCompile>
    <ClCompile Include="T:\VisualStudio\ThinMatrix\libs\assimp\code\PostProcessing\MakeVerboseFormat.cpp">
      <Filter>PostProcessing</Filter>
    </ClCompile>
    <ClCompile Include="T:\VisualStudio\ThinMatrix\libs\assimp\code\PostProcessing\ScaleProcess.cpp">
      <Filter>PostProcessing</Filter>
    </ClCompile>
    <ClCompile Include="T:\VisualStudio\ThinMatrix\libs\assimp\code\PostProcessing\ArmaturePopulate.cpp">
      <Filter>PostProcessing</Filter>
    </ClCompile>
    <ClCompile Include="T:\VisualStudio\ThinMatrix\libs\assimp\code\PostProcessing\GenBoundingBoxesProcess.cpp">
      <Filter>PostProcessing</Filter>
    </ClCompile>
    <ClCompile Include="T:\VisualStudio\ThinMatrix\libs\assimp\code\PostProcessing\SplitByBoneCountProcess.cpp">
      <Filter>PostProcessing</Filter>
    </ClCompile>
    <ClCompile Include="T:\VisualStudio\ThinMatrix\libs\assimp\code\Material\MaterialSystem.cpp">
      <Filter>MaterialSystem</Filter>
    </ClCompile>
    <ClCompile Include="T:\VisualStudio\ThinMatrix\libs\assimp\code\AssetLib\STEPParser\STEPFileReader.cpp">
      <Filter>STEPParser</Filter>
    </ClCompile>
    <ClCompile Include="T:\VisualStudio\ThinMatrix\libs\assimp\code\AssetLib\STEPParser\STEPFileEncoding.cpp">
      <Filter>STEPParser</Filter>
    </ClCompile>
    <ClCompile Include="T:\VisualStudio\ThinMatrix\libs\assimp\code\AssetLib\AMF\AMFImporter.cpp">
      <Filter>AssetLib\AMF</Filter>
    </ClCompile>
    <ClCompile Include="T:\VisualStudio\ThinMatrix\libs\assimp\code\AssetLib\AMF\AMFImporter_Geometry.cpp">
      <Filter>AssetLib\AMF</Filter>
    </ClCompile>
    <ClCompile Include="T:\VisualStudio\ThinMatrix\libs\assimp\code\AssetLib\AMF\AMFImporter_Material.cpp">
      <Filter>AssetLib\AMF</Filter>
    </ClCompile>
    <ClCompile Include="T:\VisualStudio\ThinMatrix\libs\assimp\code\AssetLib\AMF\AMFImporter_Postprocess.cpp">
      <Filter>AssetLib\AMF</Filter>
    </ClCompile>
    <ClCompile Include="T:\VisualStudio\ThinMatrix\libs\assimp\code\AssetLib\3DS\3DSConverter.cpp">
      <Filter>AssetLib\3DS</Filter>
    </ClCompile>
    <ClCompile Include="T:\VisualStudio\ThinMatrix\libs\assimp\code\AssetLib\3DS\3DSLoader.cpp">
      <Filter>AssetLib\3DS</Filter>
    </ClCompile>
    <ClCompile Include="T:\VisualStudio\ThinMatrix\libs\assimp\code\AssetLib\AC\ACLoader.cpp">
      <Filter>AssetLib\AC</Filter>
    </ClCompile>
    <ClCompile Include="T:\VisualStudio\ThinMatrix\libs\assimp\code\AssetLib\ASE\ASELoader.cpp">
      <Filter>AssetLib\ASE</Filter>
    </ClCompile>
    <ClCompile Include="T:\VisualStudio\ThinMatrix\libs\assimp\code\AssetLib\ASE\ASEParser.cpp">
      <Filter>AssetLib\ASE</Filter>
    </ClCompile>
    <ClCompile Include="T:\VisualStudio\ThinMatrix\libs\assimp\code\AssetLib\Assbin\AssbinLoader.cpp">
      <Filter>AssetLib\ASSBIN</Filter>
    </ClCompile>
    <ClCompile Include="T:\VisualStudio\ThinMatrix\libs\assimp\code\AssetLib\B3D\B3DImporter.cpp">
      <Filter>AssetLib\B3D</Filter>
    </ClCompile>
    <ClCompile Include="T:\VisualStudio\ThinMatrix\libs\assimp\code\AssetLib\BVH\BVHLoader.cpp">
      <Filter>AssetLib\BVH</Filter>
    </ClCompile>
    <ClCompile Include="T:\VisualStudio\ThinMatrix\libs\assimp\code\AssetLib\Collada\ColladaHelper.cpp">
      <Filter>AssetLib\COLLADA</Filter>
    </ClCompile>
    <ClCompile Include="T:\VisualStudio\ThinMatrix\libs\assimp\code\AssetLib\Collada\ColladaLoader.cpp">
      <Filter>AssetLib\COLLADA</Filter>
    </ClCompile>
    <ClCompile Include="T:\VisualStudio\ThinMatrix\libs\assimp\code\AssetLib\Collada\ColladaParser.cpp">
      <Filter>AssetLib\COLLADA</Filter>
    </ClCompile>
    <ClCompile Include="T:\VisualStudio\ThinMatrix\libs\assimp\code\AssetLib\DXF\DXFLoader.cpp">
      <Filter>AssetLib\DXF</Filter>
    </ClCompile>
    <ClCompile Include="T:\VisualStudio\ThinMatrix\libs\assimp\code\AssetLib\CSM\CSMLoader.cpp">
      <Filter>AssetLib\CSM</Filter>
    </ClCompile>
    <ClCompile Include="T:\VisualStudio\ThinMatrix\libs\assimp\code\AssetLib\HMP\HMPLoader.cpp">
      <Filter>AssetLib\HMP</Filter>
    </ClCompile>
    <ClCompile Include="T:\VisualStudio\ThinMatrix\libs\assimp\code\AssetLib\Irr\IRRMeshLoader.cpp">
      <Filter>AssetLib\IRRMESH</Filter>
    </ClCompile>
    <ClCompile Include="T:\VisualStudio\ThinMatrix\libs\assimp\code\AssetLib\Irr\IRRShared.cpp">
      <Filter>AssetLib\IRRMESH</Filter>
    </ClCompile>
    <ClCompile Include="T:\VisualStudio\ThinMatrix\libs\assimp\code\AssetLib\IQM\IQMImporter.cpp">
      <Filter>AssetLib\IQM</Filter>
    </ClCompile>
    <ClCompile Include="T:\VisualStudio\ThinMatrix\libs\assimp\code\AssetLib\Irr\IRRLoader.cpp">
      <Filter>AssetLib\IRR</Filter>
    </ClCompile>
    <ClCompile Include="T:\VisualStudio\ThinMatrix\libs\assimp\code\AssetLib\LWO\LWOAnimation.cpp">
      <Filter>AssetLib\LWO</Filter>
    </ClCompile>
    <ClCompile Include="T:\VisualStudio\ThinMatrix\libs\assimp\code\AssetLib\LWO\LWOBLoader.cpp">
      <Filter>AssetLib\LWO</Filter>
    </ClCompile>
    <ClCompile Include="T:\VisualStudio\ThinMatrix\libs\assimp\code\AssetLib\LWO\LWOLoader.cpp">
      <Filter>AssetLib\LWO</Filter>
    </ClCompile>
    <ClCompile Include="T:\VisualStudio\ThinMatrix\libs\assimp\code\AssetLib\LWO\LWOMaterial.cpp">
      <Filter>AssetLib\LWO</Filter>
    </ClCompile>
    <ClCompile Include="T:\VisualStudio\ThinMatrix\libs\assimp\code\AssetLib\LWS\LWSLoader.cpp">
      <Filter>AssetLib\LWS</Filter>
    </ClCompile>
    <ClCompile Include="T:\VisualStudio\ThinMatrix\libs\assimp\code\AssetLib\MD2\MD2Loader.cpp">
      <Filter>AssetLib\MD2</Filter>
    </ClCompile>
    <ClCompile Include="T:\VisualStudio\ThinMatrix\libs\assimp\code\AssetLib\MD3\MD3Loader.cpp">
      <Filter>AssetLib\MD3</Filter>
    </ClCompile>
    <ClCompile Include="T:\VisualStudio\ThinMatrix\libs\assimp\code\AssetLib\MD5\MD5Loader.cpp">
      <Filter>AssetLib\MD5</Filter>
    </ClCompile>
    <ClCompile Include="T:\VisualStudio\ThinMatrix\libs\assimp\code\AssetLib\MD5\MD5Parser.cpp">
      <Filter>AssetLib\MD5</Filter>
    </ClCompile>
    <ClCompile Include="T:\VisualStudio\ThinMatrix\libs\assimp\code\AssetLib\MDC\MDCLoader.cpp">
      <Filter>AssetLib\MDC</Filter>
    </ClCompile>
    <ClCompile Include="T:\VisualStudio\ThinMatrix\libs\assimp\code\AssetLib\MDL\MDLLoader.cpp">
      <Filter>AssetLib\MDL</Filter>
    </ClCompile>
    <ClCompile Include="T:\VisualStudio\ThinMatrix\libs\assimp\code\AssetLib\MDL\MDLMaterialLoader.cpp">
      <Filter>AssetLib\MDL</Filter>
    </ClCompile>
    <ClCompile Include="T:\VisualStudio\ThinMatrix\libs\assimp\code\AssetLib\MDL\HalfLife\HL1MDLLoader.cpp">
      <Filter>AssetLib\MDL</Filter>
    </ClCompile>
    <ClCompile Include="T:\VisualStudio\ThinMatrix\libs\assimp\code\AssetLib\MDL\HalfLife\UniqueNameGenerator.cpp">
      <Filter>AssetLib\MDL</Filter>
    </ClCompile>
    <ClCompile Include="T:\VisualStudio\ThinMatrix\libs\assimp\code\AssetLib\NFF\NFFLoader.cpp">
      <Filter>AssetLib\NFF</Filter>
    </ClCompile>
    <ClCompile Include="T:\VisualStudio\ThinMatrix\libs\assimp\code\AssetLib\NDO\NDOLoader.cpp">
      <Filter>AssetLib\NDO</Filter>
    </ClCompile>
    <ClCompile Include="T:\VisualStudio\ThinMatrix\libs\assimp\code\AssetLib\OFF\OFFLoader.cpp">
      <Filter>AssetLib\OFF</Filter>
    </ClCompile>
    <ClCompile Include="T:\VisualStudio\ThinMatrix\libs\assimp\code\AssetLib\Obj\ObjFileImporter.cpp">
      <Filter>AssetLib\OBJ</Filter>
    </ClCompile>
    <ClCompile Include="T:\VisualStudio\ThinMatrix\libs\assimp\code\AssetLib\Obj\ObjFileMtlImporter.cpp">
      <Filter>AssetLib\OBJ</Filter>
    </ClCompile>
    <ClCompile Include="T:\VisualStudio\ThinMatrix\libs\assimp\code\AssetLib\Obj\ObjFileParser.cpp">
      <Filter>AssetLib\OBJ</Filter>
    </ClCompile>
    <ClCompile Include="T:\VisualStudio\ThinMatrix\libs\assimp\code\AssetLib\Ogre\OgreImporter.cpp">
      <Filter>AssetLib\OGRE</Filter>
    </ClCompile>
    <ClCompile Include="T:\VisualStudio\ThinMatrix\libs\assimp\code\AssetLib\Ogre\OgreStructs.cpp">
      <Filter>AssetLib\OGRE</Filter>
    </ClCompile>
    <ClCompile Include="T:\VisualStudio\ThinMatrix\libs\assimp\code\AssetLib\Ogre\OgreBinarySerializer.cpp">
      <Filter>AssetLib\OGRE</Filter>
    </ClCompile>
    <ClCompile Include="T:\VisualStudio\ThinMatrix\libs\assimp\code\AssetLib\Ogre\OgreXmlSerializer.cpp">
      <Filter>AssetLib\OGRE</Filter>
    </ClCompile>
    <ClCompile Include="T:\VisualStudio\ThinMatrix\libs\assimp\code\AssetLib\Ogre\OgreMaterial.cpp">
      <Filter>AssetLib\OGRE</Filter>
    </ClCompile>
    <ClCompile Include="T:\VisualStudio\ThinMatrix\libs\assimp\code\AssetLib\OpenGEX\OpenGEXImporter.cpp">
      <Filter>AssetLib\OPENGEX</Filter>
    </ClCompile>
    <ClCompile Include="T:\VisualStudio\ThinMatrix\libs\assimp\code\AssetLib\Ply\PlyLoader.cpp">
      <Filter>AssetLib\PLY</Filter>
    </ClCompile>
    <ClCompile Include="T:\VisualStudio\ThinMatrix\libs\assimp\code\AssetLib\Ply\PlyParser.cpp">
      <Filter>AssetLib\PLY</Filter>
    </ClCompile>
    <ClCompile Include="T:\VisualStudio\ThinMatrix\libs\assimp\code\AssetLib\MS3D\MS3DLoader.cpp">
      <Filter>AssetLib\MS3D</Filter>
    </ClCompile>
    <ClCompile Include="T:\VisualStudio\ThinMatrix\libs\assimp\code\AssetLib\COB\COBLoader.cpp">
      <Filter>AssetLib\COB</Filter>
    </ClCompile>
    <ClCompile Include="T:\VisualStudio\ThinMatrix\libs\assimp\code\AssetLib\Blender\BlenderLoader.cpp">
      <Filter>AssetLib\BLEND</Filter>
    </ClCompile>
    <ClCompile Include="T:\VisualStudio\ThinMatrix\libs\assimp\code\AssetLib\Blender\BlenderDNA.cpp">
      <Filter>AssetLib\BLEND</Filter>
    </ClCompile>
    <ClCompile Include="T:\VisualStudio\ThinMatrix\libs\assimp\code\AssetLib\Blender\BlenderScene.cpp">
      <Filter>AssetLib\BLEND</Filter>
    </ClCompile>
    <ClCompile Include="T:\VisualStudio\ThinMatrix\libs\assimp\code\AssetLib\Blender\BlenderModifier.cpp">
      <Filter>AssetLib\BLEND</Filter>
    </ClCompile>
    <ClCompile Include="T:\VisualStudio\ThinMatrix\libs\assimp\code\AssetLib\Blender\BlenderBMesh.cpp">
      <Filter>AssetLib\BLEND</Filter>
    </ClCompile>
    <ClCompile Include="T:\VisualStudio\ThinMatrix\libs\assimp\code\AssetLib\Blender\BlenderTessellator.cpp">
      <Filter>AssetLib\BLEND</Filter>
    </ClCompile>
    <ClCompile Include="T:\VisualStudio\ThinMatrix\libs\assimp\code\AssetLib\Blender\BlenderCustomData.cpp">
      <Filter>AssetLib\BLEND</Filter>
    </ClCompile>
    <ClCompile Include="T:\VisualStudio\ThinMatrix\libs\assimp\code\AssetLib\IFC\IFCLoader.cpp">
      <Filter>AssetLib\IFC</Filter>
    </ClCompile>
    <ClCompile Include="T:\VisualStudio\ThinMatrix\libs\assimp\code\AssetLib\IFC\IFCReaderGen1_2x3.cpp">
      <Filter>AssetLib\IFC</Filter>
    </ClCompile>
    <ClCompile Include="T:\VisualStudio\ThinMatrix\libs\assimp\code\AssetLib\IFC\IFCReaderGen2_2x3.cpp">
      <Filter>AssetLib\IFC</Filter>
    </ClCompile>
    <ClCompile Include="T:\VisualStudio\ThinMatrix\libs\assimp\code\AssetLib\IFC\IFCUtil.cpp">
      <Filter>AssetLib\IFC</Filter>
    </ClCompile>
    <ClCompile Include="T:\VisualStudio\ThinMatrix\libs\assimp\code\AssetLib\IFC\IFCGeometry.cpp">
      <Filter>AssetLib\IFC</Filter>
    </ClCompile>
    <ClCompile Include="T:\VisualStudio\ThinMatrix\libs\assimp\code\AssetLib\IFC\IFCMaterial.cpp">
      <Filter>AssetLib\IFC</Filter>
    </ClCompile>
    <ClCompile Include="T:\VisualStudio\ThinMatrix\libs\assimp\code\AssetLib\IFC\IFCProfile.cpp">
      <Filter>AssetLib\IFC</Filter>
    </ClCompile>
    <ClCompile Include="T:\VisualStudio\ThinMatrix\libs\assimp\code\AssetLib\IFC\IFCCurve.cpp">
      <Filter>AssetLib\IFC</Filter>
    </ClCompile>
    <ClCompile Include="T:\VisualStudio\ThinMatrix\libs\assimp\code\AssetLib\IFC\IFCBoolean.cpp">
      <Filter>AssetLib\IFC</Filter>
    </ClCompile>
    <ClCompile Include="T:\VisualStudio\ThinMatrix\libs\assimp\code\AssetLib\IFC\IFCOpenings.cpp">
      <Filter>AssetLib\IFC</Filter>
    </ClCompile>
    <ClCompile Include="T:\VisualStudio\ThinMatrix\libs\assimp\code\AssetLib\XGL\XGLLoader.cpp">
      <Filter>AssetLib\XGL</Filter>
    </ClCompile>
    <ClCompile Include="T:\VisualStudio\ThinMatrix\libs\assimp\code\AssetLib\FBX\FBXImporter.cpp">
      <Filter>AssetLib\FBX</Filter>
    </ClCompile>
    <ClCompile Include="T:\VisualStudio\ThinMatrix\libs\assimp\code\AssetLib\FBX\FBXParser.cpp">
      <Filter>AssetLib\FBX</Filter>
    </ClCompile>
    <ClCompile Include="T:\VisualStudio\ThinMatrix\libs\assimp\code\AssetLib\FBX\FBXTokenizer.cpp">
      <Filter>AssetLib\FBX</Filter>
    </ClCompile>
    <ClCompile Include="T:\VisualStudio\ThinMatrix\libs\assimp\code\AssetLib\FBX\FBXConverter.cpp">
      <Filter>AssetLib\FBX</Filter>
    </ClCompile>
    <ClCompile Include="T:\VisualStudio\ThinMatrix\libs\assimp\code\AssetLib\FBX\FBXUtil.cpp">
      <Filter>AssetLib\FBX</Filter>
    </ClCompile>
    <ClCompile Include="T:\VisualStudio\ThinMatrix\libs\assimp\code\AssetLib\FBX\FBXDocument.cpp">
      <Filter>AssetLib\FBX</Filter>
    </ClCompile>
    <ClCompile Include="T:\VisualStudio\ThinMatrix\libs\assimp\code\AssetLib\FBX\FBXProperties.cpp">
      <Filter>AssetLib\FBX</Filter>
    </ClCompile>
    <ClCompile Include="T:\VisualStudio\ThinMatrix\libs\assimp\code\AssetLib\FBX\FBXMeshGeometry.cpp">
      <Filter>AssetLib\FBX</Filter>
    </ClCompile>
    <ClCompile Include="T:\VisualStudio\ThinMatrix\libs\assimp\code\AssetLib\FBX\FBXMaterial.cpp">
      <Filter>AssetLib\FBX</Filter>
    </ClCompile>
    <ClCompile Include="T:\VisualStudio\ThinMatrix\libs\assimp\code\AssetLib\FBX\FBXModel.cpp">
      <Filter>AssetLib\FBX</Filter>
    </ClCompile>
    <ClCompile Include="T:\VisualStudio\ThinMatrix\libs\assimp\code\AssetLib\FBX\FBXAnimation.cpp">
      <Filter>AssetLib\FBX</Filter>
    </ClCompile>
    <ClCompile Include="T:\VisualStudio\ThinMatrix\libs\assimp\code\AssetLib\FBX\FBXNodeAttribute.cpp">
      <Filter>AssetLib\FBX</Filter>
    </ClCompile>
    <ClCompile Include="T:\VisualStudio\ThinMatrix\libs\assimp\code\AssetLib\FBX\FBXDeformer.cpp">
      <Filter>AssetLib\FBX</Filter>
    </ClCompile>
    <ClCompile Include="T:\VisualStudio\ThinMatrix\libs\assimp\code\AssetLib\FBX\FBXBinaryTokenizer.cpp">
      <Filter>AssetLib\FBX</Filter>
    </ClCompile>
    <ClCompile Include="T:\VisualStudio\ThinMatrix\libs\assimp\code\AssetLib\FBX\FBXDocumentUtil.cpp">
      <Filter>AssetLib\FBX</Filter>
    </ClCompile>
    <ClCompile Include="T:\VisualStudio\ThinMatrix\libs\assimp\code\AssetLib\Q3D\Q3DLoader.cpp">
      <Filter>AssetLib\Q3D</Filter>
    </ClCompile>
    <ClCompile Include="T:\VisualStudio\ThinMatrix\libs\assimp\code\AssetLib\Q3BSP\Q3BSPFileParser.cpp">
      <Filter>AssetLib\Q3BSP</Filter>
    </ClCompile>
    <ClCompile Include="T:\VisualStudio\ThinMatrix\libs\assimp\code\AssetLib\Q3BSP\Q3BSPFileImporter.cpp">
      <Filter>AssetLib\Q3BSP</Filter>
    </ClCompile>
    <ClCompile Include="T:\VisualStudio\ThinMatrix\libs\assimp\code\AssetLib\Raw\RawLoader.cpp">
      <Filter>AssetLib\RAW</Filter>
    </ClCompile>
    <ClCompile Include="T:\VisualStudio\ThinMatrix\libs\assimp\code\AssetLib\SIB\SIBImporter.cpp">
      <Filter>AssetLib\SIB</Filter>
    </ClCompile>
    <ClCompile Include="T:\VisualStudio\ThinMatrix\libs\assimp\code\AssetLib\SMD\SMDLoader.cpp">
      <Filter>AssetLib\SMD</Filter>
    </ClCompile>
    <ClCompile Include="T:\VisualStudio\ThinMatrix\libs\assimp\code\AssetLib\STL\STLLoader.cpp">
      <Filter>AssetLib\STL</Filter>
    </ClCompile>
    <ClCompile Include="T:\VisualStudio\ThinMatrix\libs\assimp\code\AssetLib\Terragen\TerragenLoader.cpp">
      <Filter>AssetLib\TERRAGEN</Filter>
    </ClCompile>
    <ClCompile Include="T:\VisualStudio\ThinMatrix\libs\assimp\code\AssetLib\Unreal\UnrealLoader.cpp">
      <Filter>AssetLib\3D</Filter>
    </ClCompile>
    <ClCompile Include="T:\VisualStudio\ThinMatrix\libs\assimp\code\AssetLib\X\XFileImporter.cpp">
      <Filter>AssetLib\X</Filter>
    </ClCompile>
    <ClCompile Include="T:\VisualStudio\ThinMatrix\libs\assimp\code\AssetLib\X\XFileParser.cpp">
      <Filter>AssetLib\X</Filter>
    </ClCompile>
    <ClCompile Include="T:\VisualStudio\ThinMatrix\libs\assimp\code\AssetLib\X3D\X3DImporter.cpp">
      <Filter>AssetLib\X3D</Filter>
    </ClCompile>
    <ClCompile Include="T:\VisualStudio\ThinMatrix\libs\assimp\code\AssetLib\X3D\X3DImporter_Geometry2D.cpp">
      <Filter>AssetLib\X3D</Filter>
    </ClCompile>
    <ClCompile Include="T:\VisualStudio\ThinMatrix\libs\assimp\code\AssetLib\X3D\X3DImporter_Geometry3D.cpp">
      <Filter>AssetLib\X3D</Filter>
    </ClCompile>
    <ClCompile Include="T:\VisualStudio\ThinMatrix\libs\assimp\code\AssetLib\X3D\X3DImporter_Group.cpp">
      <Filter>AssetLib\X3D</Filter>
    </ClCompile>
    <ClCompile Include="T:\VisualStudio\ThinMatrix\libs\assimp\code\AssetLib\X3D\X3DImporter_Light.cpp">
      <Filter>AssetLib\X3D</Filter>
    </ClCompile>
    <ClCompile Include="T:\VisualStudio\ThinMatrix\libs\assimp\code\AssetLib\X3D\X3DImporter_Metadata.cpp">
      <Filter>AssetLib\X3D</Filter>
    </ClCompile>
    <ClCompile Include="T:\VisualStudio\ThinMatrix\libs\assimp\code\AssetLib\X3D\X3DImporter_Networking.cpp">
      <Filter>AssetLib\X3D</Filter>
    </ClCompile>
    <ClCompile Include="T:\VisualStudio\ThinMatrix\libs\assimp\code\AssetLib\X3D\X3DImporter_Postprocess.cpp">
      <Filter>AssetLib\X3D</Filter>
    </ClCompile>
    <ClCompile Include="T:\VisualStudio\ThinMatrix\libs\assimp\code\AssetLib\X3D\X3DImporter_Rendering.cpp">
      <Filter>AssetLib\X3D</Filter>
    </ClCompile>
    <ClCompile Include="T:\VisualStudio\ThinMatrix\libs\assimp\code\AssetLib\X3D\X3DImporter_Shape.cpp">
      <Filter>AssetLib\X3D</Filter>
    </ClCompile>
    <ClCompile Include="T:\VisualStudio\ThinMatrix\libs\assimp\code\AssetLib\X3D\X3DImporter_Texturing.cpp">
      <Filter>AssetLib\X3D</Filter>
    </ClCompile>
    <ClCompile Include="T:\VisualStudio\ThinMatrix\libs\assimp\code\AssetLib\X3D\X3DGeoHelper.cpp">
      <Filter>AssetLib\X3D</Filter>
    </ClCompile>
    <ClCompile Include="T:\VisualStudio\ThinMatrix\libs\assimp\code\AssetLib\X3D\X3DXmlHelper.cpp">
      <Filter>AssetLib\X3D</Filter>
    </ClCompile>
    <ClCompile Include="T:\VisualStudio\ThinMatrix\libs\assimp\code\AssetLib\glTF\glTFCommon.cpp">
      <Filter>AssetLib\GLTF</Filter>
    </ClCompile>
    <ClCompile Include="T:\VisualStudio\ThinMatrix\libs\assimp\code\AssetLib\glTF\glTFImporter.cpp">
      <Filter>AssetLib\GLTF</Filter>
    </ClCompile>
    <ClCompile Include="T:\VisualStudio\ThinMatrix\libs\assimp\code\AssetLib\glTF2\glTF2Importer.cpp">
      <Filter>AssetLib\GLTF</Filter>
    </ClCompile>
    <ClCompile Include="T:\VisualStudio\ThinMatrix\libs\assimp\code\AssetLib\3MF\XmlSerializer.cpp">
      <Filter>AssetLib\3MF</Filter>
    </ClCompile>
    <ClCompile Include="T:\VisualStudio\ThinMatrix\libs\assimp\code\AssetLib\3MF\D3MFImporter.cpp">
      <Filter>AssetLib\3MF</Filter>
    </ClCompile>
    <ClCompile Include="T:\VisualStudio\ThinMatrix\libs\assimp\code\AssetLib\3MF\D3MFOpcPackage.cpp">
      <Filter>AssetLib\3MF</Filter>
    </ClCompile>
    <ClCompile Include="T:\VisualStudio\ThinMatrix\libs\assimp\code\AssetLib\MMD\MMDImporter.cpp">
      <Filter>AssetLib\MMD</Filter>
    </ClCompile>
    <ClCompile Include="T:\VisualStudio\ThinMatrix\libs\assimp\code\AssetLib\MMD\MMDPmxParser.cpp">
      <Filter>AssetLib\MMD</Filter>
    </ClCompile>
    <ClCompile Include="T:\VisualStudio\ThinMatrix\libs\assimp\code\AssetLib\Obj\ObjExporter.cpp">
      <Filter>AssetLib\OBJ</Filter>
    </ClCompile>
    <ClCompile Include="T:\VisualStudio\ThinMatrix\libs\assimp\code\AssetLib\OpenGEX\OpenGEXExporter.cpp">
      <Filter>AssetLib\OPENGEX</Filter>
    </ClCompile>
    <ClCompile Include="T:\VisualStudio\ThinMatrix\libs\assimp\code\AssetLib\Ply\PlyExporter.cpp">
      <Filter>AssetLib\PLY</Filter>
    </ClCompile>
    <ClCompile Include="T:\VisualStudio\ThinMatrix\libs\assimp\code\AssetLib\3DS\3DSExporter.cpp">
      <Filter>AssetLib\3DS</Filter>
    </ClCompile>
    <ClCompile Include="T:\VisualStudio\ThinMatrix\libs\assimp\code\AssetLib\Assbin\AssbinExporter.cpp">
      <Filter>AssetLib\ASSBIN</Filter>
    </ClCompile>
    <ClCompile Include="T:\VisualStudio\ThinMatrix\libs\assimp\code\AssetLib\Assbin\AssbinFileWriter.cpp">
      <Filter>AssetLib\ASSBIN</Filter>
    </ClCompile>
    <ClCompile Include="T:\VisualStudio\ThinMatrix\libs\assimp\code\AssetLib\Assxml\AssxmlExporter.cpp">
      <Filter>AssetLib\ASSXML</Filter>
    </ClCompile>
    <ClCompile Include="T:\VisualStudio\ThinMatrix\libs\assimp\code\AssetLib\Assxml\AssxmlFileWriter.cpp">
      <Filter>AssetLib\ASSXML</Filter>
    </ClCompile>
    <ClCompile Include="T:\VisualStudio\ThinMatrix\libs\assimp\code\AssetLib\Collada\ColladaExporter.cpp">
      <Filter>AssetLib\COLLADA</Filter>
    </ClCompile>
    <ClCompile Include="T:\VisualStudio\ThinMatrix\libs\assimp\code\AssetLib\FBX\FBXExporter.cpp">
      <Filter>AssetLib\FBX</Filter>
    </ClCompile>
    <ClCompile Include="T:\VisualStudio\ThinMatrix\libs\assimp\code\AssetLib\FBX\FBXExportNode.cpp">
      <Filter>AssetLib\FBX</Filter>
    </ClCompile>
    <ClCompile Include="T:\VisualStudio\ThinMatrix\libs\assimp\code\AssetLib\FBX\FBXExportProperty.cpp">
      <Filter>AssetLib\FBX</Filter>
    </ClCompile>
    <ClCompile Include="T:\VisualStudio\ThinMatrix\libs\assimp\code\AssetLib\STL\STLExporter.cpp">
      <Filter>AssetLib\STL</Filter>
    </ClCompile>
    <ClCompile Include="T:\VisualStudio\ThinMatrix\libs\assimp\code\AssetLib\X\XFileExporter.cpp">
      <Filter>AssetLib\X</Filter>
    </ClCompile>
    <ClCompile Include="T:\VisualStudio\ThinMatrix\libs\assimp\code\AssetLib\X3D\X3DExporter.cpp">
      <Filter>AssetLib\X3D</Filter>
    </ClCompile>
    <ClCompile Include="T:\VisualStudio\ThinMatrix\libs\assimp\code\AssetLib\glTF\glTFExporter.cpp">
      <Filter>AssetLib\GLTF</Filter>
    </ClCompile>
    <ClCompile Include="T:\VisualStudio\ThinMatrix\libs\assimp\code\AssetLib\glTF2\glTF2Exporter.cpp">
      <Filter>AssetLib\GLTF</Filter>
    </ClCompile>
    <ClCompile Include="T:\VisualStudio\ThinMatrix\libs\assimp\code\AssetLib\3MF\D3MFExporter.cpp">
      <Filter>AssetLib\3MF</Filter>
    </ClCompile>
    <ClCompile Include="T:\VisualStudio\ThinMatrix\libs\assimp\code\Pbrt\PbrtExporter.cpp">
      <Filter>AssetLib\PBRT</Filter>
    </ClCompile>
    <ClCompile Include="T:\VisualStudio\ThinMatrix\libs\assimp\code\AssetLib\Assjson\cencode.c">
      <Filter>AssetLib\ASSJSON</Filter>
    </ClCompile>
    <ClCompile Include="T:\VisualStudio\ThinMatrix\libs\assimp\code\AssetLib\Assjson\json_exporter.cpp">
      <Filter>AssetLib\ASSJSON</Filter>
    </ClCompile>
    <ClCompile Include="T:\VisualStudio\ThinMatrix\libs\assimp\code\AssetLib\Assjson\mesh_splitter.cpp">
      <Filter>AssetLib\ASSJSON</Filter>
    </ClCompile>
    <ClCompile Include="T:\VisualStudio\ThinMatrix\libs\assimp\code\AssetLib\Step\StepExporter.cpp">
      <Filter>AssetLib\STEP</Filter>
    </ClCompile>
    <ClCompile Include="T:\VisualStudio\ThinMatrix\libs\assimp\contrib\unzip\ioapi.c">
      <Filter>Contrib\unzip</Filter>
    </ClCompile>
    <ClCompile Include="T:\VisualStudio\ThinMatrix\libs\assimp\contrib\unzip\unzip.c">
      <Filter>Contrib\unzip</Filter>
    </ClCompile>
    <ClCompile Include="T:\VisualStudio\ThinMatrix\libs\assimp\contrib\poly2tri\poly2tri\common\shapes.cc">
      <Filter>Contrib\Poly2Tri</Filter>
    </ClCompile>
    <ClCompile Include="T:\VisualStudio\ThinMatrix\libs\assimp\contrib\poly2tri\poly2tri\sweep\advancing_front.cc">
      <Filter>Contrib\Poly2Tri</Filter>
    </ClCompile>
    <ClCompile Include="T:\VisualStudio\ThinMatrix\libs\assimp\contrib\poly2tri\poly2tri\sweep\cdt.cc">
      <Filter>Contrib\Poly2Tri</Filter>
    </ClCompile>
    <ClCompile Include="T:\VisualStudio\ThinMatrix\libs\assimp\contrib\poly2tri\poly2tri\sweep\sweep.cc">
      <Filter>Contrib\Poly2Tri</Filter>
    </ClCompile>
    <ClCompile Include="T:\VisualStudio\ThinMatrix\libs\assimp\contrib\poly2tri\poly2tri\sweep\sweep_context.cc">
      <Filter>Contrib\Poly2Tri</Filter>
    </ClCompile>
    <ClCompile Include="T:\VisualStudio\ThinMatrix\libs\assimp\contrib\clipper\clipper.cpp">
      <Filter>Contrib\Clipper</Filter>
    </ClCompile>
    <ClCompile Include="T:\VisualStudio\ThinMatrix\libs\assimp\contrib\openddlparser\code\OpenDDLParser.cpp">
      <Filter>Contrib\openddl_parser</Filter>
    </ClCompile>
    <ClCompile Include="T:\VisualStudio\ThinMatrix\libs\assimp\contrib\openddlparser\code\DDLNode.cpp">
      <Filter>Contrib\openddl_parser</Filter>
    </ClCompile>
    <ClCompile Include="T:\VisualStudio\ThinMatrix\libs\assimp\contrib\openddlparser\code\OpenDDLCommon.cpp">
      <Filter>Contrib\openddl_parser</Filter>
    </ClCompile>
    <ClCompile Include="T:\VisualStudio\ThinMatrix\libs\assimp\contrib\openddlparser\code\OpenDDLExport.cpp">
      <Filter>Contrib\openddl_parser</Filter>
    </ClCompile>
    <ClCompile Include="T:\VisualStudio\ThinMatrix\libs\assimp\contrib\openddlparser\code\Value.cpp">
      <Filter>Contrib\openddl_parser</Filter>
    </ClCompile>
    <ClCompile Include="T:\VisualStudio\ThinMatrix\libs\assimp\contrib\openddlparser\code\OpenDDLStream.cpp">
      <Filter>Contrib\openddl_parser</Filter>
    </ClCompile>
    <ClCompile Include="T:\VisualStudio\ThinMatrix\libs\assimp\contrib\Open3DGC\o3dgcArithmeticCodec.cpp">
      <Filter>Contrib\open3dgc</Filter>
    </ClCompile>
    <ClCompile Include="T:\VisualStudio\ThinMatrix\libs\assimp\contrib\Open3DGC\o3dgcDynamicVectorDecoder.cpp">
      <Filter>Contrib\open3dgc</Filter>
    </ClCompile>
    <ClCompile Include="T:\VisualStudio\ThinMatrix\libs\assimp\contrib\Open3DGC\o3dgcDynamicVectorEncoder.cpp">
      <Filter>Contrib\open3dgc</Filter>
    </ClCompile>
    <ClCompile Include="T:\VisualStudio\ThinMatrix\libs\assimp\contrib\Open3DGC\o3dgcTools.cpp">
      <Filter>Contrib\open3dgc</Filter>
    </ClCompile>
    <ClCompile Include="T:\VisualStudio\ThinMatrix\libs\assimp\contrib\Open3DGC\o3dgcTriangleFans.cpp">
      <Filter>Contrib\open3dgc</Filter>
    </ClCompile>
    <ClCompile Include="T:\VisualStudio\ThinMatrix\libs\assimp\contrib\zip\src\zip.c">
      <Filter>ziplib</Filter>
    </ClCompile>
  </ItemGroup>
  <ItemGroup>
    <ClInclude Include="T:\VisualStudio\ThinMatrix\libs\assimp\code\CApi\CInterfaceIOWrapper.h">
      <Filter>CApi</Filter>
    </ClInclude>
    <ClInclude Include="T:\VisualStudio\ThinMatrix\libs\assimp\code\Common\StbCommon.h">
      <Filter>Common</Filter>
    </ClInclude>
    <ClInclude Include="T:\VisualStudio\ThinMatrix\libs\assimp\code\Common\Compression.h">
      <Filter>Common</Filter>
    </ClInclude>
    <ClInclude Include="T:\VisualStudio\ThinMatrix\libs\assimp\code\Common\BaseProcess.h">
      <Filter>Common</Filter>
    </ClInclude>
    <ClInclude Include="T:\VisualStudio\ThinMatrix\libs\assimp\code\Common\Importer.h">
      <Filter>Common</Filter>
    </ClInclude>
    <ClInclude Include="T:\VisualStudio\ThinMatrix\libs\assimp\code\Common\ScenePrivate.h">
      <Filter>Common</Filter>
    </ClInclude>
    <ClInclude Include="T:\VisualStudio\ThinMatrix\libs\assimp\code\Common\DefaultProgressHandler.h">
      <Filter>Common</Filter>
    </ClInclude>
    <ClInclude Include="T:\VisualStudio\ThinMatrix\libs\assimp\code\Common\PolyTools.h">
      <Filter>Common</Filter>
    </ClInclude>
    <ClInclude Include="T:\VisualStudio\ThinMatrix\libs\assimp\code\Common\Maybe.h">
      <Filter>Common</Filter>
    </ClInclude>
    <ClInclude Include="T:\VisualStudio\ThinMatrix\libs\assimp\code\Common\IFF.h">
      <Filter>Common</Filter>
    </ClInclude>
    <ClInclude Include="T:\VisualStudio\ThinMatrix\libs\assimp\code\Common\VertexTriangleAdjacency.h">
      <Filter>Common</Filter>
    </ClInclude>
    <ClInclude Include="T:\VisualStudio\ThinMatrix\libs\assimp\code\Common\ScenePreprocessor.h">
      <Filter>Common</Filter>
    </ClInclude>
    <ClInclude Include="T:\VisualStudio\ThinMatrix\libs\assimp\code\Common\StackAllocator.h">
      <Filter>Common</Filter>
    </ClInclude>
    <ClInclude Include="T:\VisualStudio\ThinMatrix\libs\assimp\code\Common\StackAllocator.inl">
      <Filter>Common</Filter>
    </ClInclude>
    <ClInclude Include="T:\VisualStudio\ThinMatrix\libs\assimp\code\Common\TargetAnimation.h">
      <Filter>Common</Filter>
    </ClInclude>
    <ClInclude Include="T:\VisualStudio\ThinMatrix\libs\assimp\code\Common\simd.h">
      <Filter>Common</Filter>
    </ClInclude>
    <ClInclude Include="T:\VisualStudio\ThinMatrix\libs\assimp\code\Geometry\GeometryUtils.h">
      <Filter>Geometry</Filter>
    </ClInclude>
    <ClInclude Include="T:\VisualStudio\ThinMatrix\libs\assimp\include\assimp\DefaultLogger.hpp">
      <Filter>include\assimp</Filter>
    </ClInclude>
    <ClInclude Include="T:\VisualStudio\ThinMatrix\libs\assimp\include\assimp\LogStream.hpp">
      <Filter>include\assimp</Filter>
    </ClInclude>
    <ClInclude Include="T:\VisualStudio\ThinMatrix\libs\assimp\include\assimp\Logger.hpp">
      <Filter>include\assimp</Filter>
    </ClInclude>
    <ClInclude Include="T:\VisualStudio\ThinMatrix\libs\assimp\include\assimp\NullLogger.hpp">
      <Filter>include\assimp</Filter>
    </ClInclude>
    <ClInclude Include="T:\VisualStudio\ThinMatrix\libs\assimp\code\Common\Win32DebugLogStream.h">
      <Filter>Logging</Filter>
    </ClInclude>
    <ClInclude Include="T:\VisualStudio\ThinMatrix\libs\assimp\code\Common\FileLogStream.h">
      <Filter>Logging</Filter>
    </ClInclude>
    <ClInclude Include="T:\VisualStudio\ThinMatrix\libs\assimp\code\Common\StdOStreamLogStream.h">
      <Filter>Logging</Filter>
    </ClInclude>
    <ClInclude Include="T:\VisualStudio\ThinMatrix\libs\assimp\include\assimp\BlobIOSystem.h">
      <Filter>include\assimp</Filter>
    </ClInclude>
    <ClInclude Include="T:\VisualStudio\ThinMatrix\libs\assimp\code\PostProcessing\CalcTangentsProcess.h">
      <Filter>PostProcessing</Filter>
    </ClInclude>
    <ClInclude Include="T:\VisualStudio\ThinMatrix\libs\assimp\code\PostProcessing\ComputeUVMappingProcess.h">
      <Filter>PostProcessing</Filter>
    </ClInclude>
    <ClInclude Include="T:\VisualStudio\ThinMatrix\libs\assimp\code\PostProcessing\ConvertToLHProcess.h">
      <Filter>PostProcessing</Filter>
    </ClInclude>
    <ClInclude Include="T:\VisualStudio\ThinMatrix\libs\assimp\code\PostProcessing\EmbedTexturesProcess.h">
      <Filter>PostProcessing</Filter>
    </ClInclude>
    <ClInclude Include="T:\VisualStudio\ThinMatrix\libs\assimp\code\PostProcessing\FindDegenerates.h">
      <Filter>PostProcessing</Filter>
    </ClInclude>
    <ClInclude Include="T:\VisualStudio\ThinMatrix\libs\assimp\code\PostProcessing\FindInstancesProcess.h">
      <Filter>PostProcessing</Filter>
    </ClInclude>
    <ClInclude Include="T:\VisualStudio\ThinMatrix\libs\assimp\code\PostProcessing\FindInvalidDataProcess.h">
      <Filter>PostProcessing</Filter>
    </ClInclude>
    <ClInclude Include="T:\VisualStudio\ThinMatrix\libs\assimp\code\PostProcessing\FixNormalsStep.h">
      <Filter>PostProcessing</Filter>
    </ClInclude>
    <ClInclude Include="T:\VisualStudio\ThinMatrix\libs\assimp\code\PostProcessing\DropFaceNormalsProcess.h">
      <Filter>PostProcessing</Filter>
    </ClInclude>
    <ClInclude Include="T:\VisualStudio\ThinMatrix\libs\assimp\code\PostProcessing\GenFaceNormalsProcess.h">
      <Filter>PostProcessing</Filter>
    </ClInclude>
    <ClInclude Include="T:\VisualStudio\ThinMatrix\libs\assimp\code\PostProcessing\GenVertexNormalsProcess.h">
      <Filter>PostProcessing</Filter>
    </ClInclude>
    <ClInclude Include="T:\VisualStudio\ThinMatrix\libs\assimp\code\PostProcessing\PretransformVertices.h">
      <Filter>PostProcessing</Filter>
    </ClInclude>
    <ClInclude Include="T:\VisualStudio\ThinMatrix\libs\assimp\code\PostProcessing\ImproveCacheLocality.h">
      <Filter>PostProcessing</Filter>
    </ClInclude>
    <ClInclude Include="T:\VisualStudio\ThinMatrix\libs\assimp\code\PostProcessing\JoinVerticesProcess.h">
      <Filter>PostProcessing</Filter>
    </ClInclude>
    <ClInclude Include="T:\VisualStudio\ThinMatrix\libs\assimp\code\PostProcessing\LimitBoneWeightsProcess.h">
      <Filter>PostProcessing</Filter>
    </ClInclude>
    <ClInclude Include="T:\VisualStudio\ThinMatrix\libs\assimp\code\PostProcessing\RemoveRedundantMaterials.h">
      <Filter>PostProcessing</Filter>
    </ClInclude>
    <ClInclude Include="T:\VisualStudio\ThinMatrix\libs\assimp\code\PostProcessing\RemoveVCProcess.h">
      <Filter>PostProcessing</Filter>
    </ClInclude>
    <ClInclude Include="T:\VisualStudio\ThinMatrix\libs\assimp\code\PostProcessing\SortByPTypeProcess.h">
      <Filter>PostProcessing</Filter>
    </ClInclude>
    <ClInclude Include="T:\VisualStudio\ThinMatrix\libs\assimp\code\PostProcessing\SplitLargeMeshes.h">
      <Filter>PostProcessing</Filter>
    </ClInclude>
    <ClInclude Include="T:\VisualStudio\ThinMatrix\libs\assimp\code\PostProcessing\TextureTransform.h">
      <Filter>PostProcessing</Filter>
    </ClInclude>
    <ClInclude Include="T:\VisualStudio\ThinMatrix\libs\assimp\code\PostProcessing\TriangulateProcess.h">
      <Filter>PostProcessing</Filter>
    </ClInclude>
    <ClInclude Include="T:\VisualStudio\ThinMatrix\libs\assimp\code\PostProcessing\ValidateDataStructure.h">
      <Filter>PostProcessing</Filter>
    </ClInclude>
    <ClInclude Include="T:\VisualStudio\ThinMatrix\libs\assimp\code\PostProcessing\OptimizeGraph.h">
      <Filter>PostProcessing</Filter>
    </ClInclude>
    <ClInclude Include="T:\VisualStudio\ThinMatrix\libs\assimp\code\PostProcessing\OptimizeMeshes.h">
      <Filter>PostProcessing</Filter>
    </ClInclude>
    <ClInclude Include="T:\VisualStudio\ThinMatrix\libs\assimp\code\PostProcessing\DeboneProcess.h">
      <Filter>PostProcessing</Filter>
    </ClInclude>
    <ClInclude Include="T:\VisualStudio\ThinMatrix\libs\assimp\code\PostProcessing\ProcessHelper.h">
      <Filter>PostProcessing</Filter>
    </ClInclude>
    <ClInclude Include="T:\VisualStudio\ThinMatrix\libs\assimp\code\PostProcessing\MakeVerboseFormat.h">
      <Filter>PostProcessing</Filter>
    </ClInclude>
    <ClInclude Include="T:\VisualStudio\ThinMatrix\libs\assimp\code\PostProcessing\ScaleProcess.h">
      <Filter>PostProcessing</Filter>
    </ClInclude>
    <ClInclude Include="T:\VisualStudio\ThinMatrix\libs\assimp\code\PostProcessing\ArmaturePopulate.h">
      <Filter>PostProcessing</Filter>
    </ClInclude>
    <ClInclude Include="T:\VisualStudio\ThinMatrix\libs\assimp\code\PostProcessing\GenBoundingBoxesProcess.h">
      <Filter>PostProcessing</Filter>
    </ClInclude>
    <ClInclude Include="T:\VisualStudio\ThinMatrix\libs\assimp\code\PostProcessing\SplitByBoneCountProcess.h">
      <Filter>PostProcessing</Filter>
    </ClInclude>
    <ClInclude Include="T:\VisualStudio\ThinMatrix\libs\assimp\code\Material\MaterialSystem.h">
      <Filter>MaterialSystem</Filter>
    </ClInclude>
    <ClInclude Include="T:\VisualStudio\ThinMatrix\libs\assimp\code\AssetLib\STEPParser\STEPFileReader.h">
      <Filter>STEPParser</Filter>
    </ClInclude>
    <ClInclude Include="T:\VisualStudio\ThinMatrix\libs\assimp\code\AssetLib\STEPParser\STEPFileEncoding.h">
      <Filter>STEPParser</Filter>
    </ClInclude>
    <ClInclude Include="T:\VisualStudio\ThinMatrix\libs\assimp\code\AssetLib\AMF\AMFImporter.hpp">
      <Filter>AssetLib\AMF</Filter>
    </ClInclude>
    <ClInclude Include="T:\VisualStudio\ThinMatrix\libs\assimp\code\AssetLib\AMF\AMFImporter_Node.hpp">
      <Filter>AssetLib\AMF</Filter>
    </ClInclude>
    <ClInclude Include="T:\VisualStudio\ThinMatrix\libs\assimp\code\AssetLib\3DS\3DSHelper.h">
      <Filter>AssetLib\3DS</Filter>
    </ClInclude>
    <ClInclude Include="T:\VisualStudio\ThinMatrix\libs\assimp\code\AssetLib\3DS\3DSLoader.h">
      <Filter>AssetLib\3DS</Filter>
    </ClInclude>
    <ClInclude Include="T:\VisualStudio\ThinMatrix\libs\assimp\code\AssetLib\AC\ACLoader.h">
      <Filter>AssetLib\AC</Filter>
    </ClInclude>
    <ClInclude Include="T:\VisualStudio\ThinMatrix\libs\assimp\code\AssetLib\ASE\ASELoader.h">
      <Filter>AssetLib\ASE</Filter>
    </ClInclude>
    <ClInclude Include="T:\VisualStudio\ThinMatrix\libs\assimp\code\AssetLib\ASE\ASEParser.h">
      <Filter>AssetLib\ASE</Filter>
    </ClInclude>
    <ClInclude Include="T:\VisualStudio\ThinMatrix\libs\assimp\code\AssetLib\Assbin\AssbinLoader.h">
      <Filter>AssetLib\ASSBIN</Filter>
    </ClInclude>
    <ClInclude Include="T:\VisualStudio\ThinMatrix\libs\assimp\code\AssetLib\B3D\B3DImporter.h">
      <Filter>AssetLib\B3D</Filter>
    </ClInclude>
    <ClInclude Include="T:\VisualStudio\ThinMatrix\libs\assimp\code\AssetLib\BVH\BVHLoader.h">
      <Filter>AssetLib\BVH</Filter>
    </ClInclude>
    <ClInclude Include="T:\VisualStudio\ThinMatrix\libs\assimp\code\AssetLib\Collada\ColladaHelper.h">
      <Filter>AssetLib\COLLADA</Filter>
    </ClInclude>
    <ClInclude Include="T:\VisualStudio\ThinMatrix\libs\assimp\code\AssetLib\Collada\ColladaLoader.h">
      <Filter>AssetLib\COLLADA</Filter>
    </ClInclude>
    <ClInclude Include="T:\VisualStudio\ThinMatrix\libs\assimp\code\AssetLib\Collada\ColladaParser.h">
      <Filter>AssetLib\COLLADA</Filter>
    </ClInclude>
    <ClInclude Include="T:\VisualStudio\ThinMatrix\libs\assimp\code\AssetLib\DXF\DXFLoader.h">
      <Filter>AssetLib\DXF</Filter>
    </ClInclude>
    <ClInclude Include="T:\VisualStudio\ThinMatrix\libs\assimp\code\AssetLib\DXF\DXFHelper.h">
      <Filter>AssetLib\DXF</Filter>
    </ClInclude>
    <ClInclude Include="T:\VisualStudio\ThinMatrix\libs\assimp\code\AssetLib\CSM\CSMLoader.h">
      <Filter>AssetLib\CSM</Filter>
    </ClInclude>
    <ClInclude Include="T:\VisualStudio\ThinMatrix\libs\assimp\code\AssetLib\HMP\HMPFileData.h">
      <Filter>AssetLib\HMP</Filter>
    </ClInclude>
    <ClInclude Include="T:\VisualStudio\ThinMatrix\libs\assimp\code\AssetLib\HMP\HMPLoader.h">
      <Filter>AssetLib\HMP</Filter>
    </ClInclude>
    <ClInclude Include="T:\VisualStudio\ThinMatrix\libs\assimp\code\AssetLib\HMP\HalfLifeFileData.h">
      <Filter>AssetLib\HMP</Filter>
    </ClInclude>
    <ClInclude Include="T:\VisualStudio\ThinMatrix\libs\assimp\code\AssetLib\Irr\IRRMeshLoader.h">
      <Filter>AssetLib\IRRMESH</Filter>
    </ClInclude>
    <ClInclude Include="T:\VisualStudio\ThinMatrix\libs\assimp\code\AssetLib\Irr\IRRShared.h">
      <Filter>AssetLib\IRRMESH</Filter>
    </ClInclude>
    <ClInclude Include="T:\VisualStudio\ThinMatrix\libs\assimp\code\AssetLib\IQM\iqm.h">
      <Filter>AssetLib\IQM</Filter>
    </ClInclude>
    <ClInclude Include="T:\VisualStudio\ThinMatrix\libs\assimp\code\AssetLib\IQM\IQMImporter.h">
      <Filter>AssetLib\IQM</Filter>
    </ClInclude>
    <ClInclude Include="T:\VisualStudio\ThinMatrix\libs\assimp\code\AssetLib\Irr\IRRLoader.h">
      <Filter>AssetLib\IRR</Filter>
    </ClInclude>
    <ClInclude Include="T:\VisualStudio\ThinMatrix\libs\assimp\code\AssetLib\LWO\LWOAnimation.h">
      <Filter>AssetLib\LWO</Filter>
    </ClInclude>
    <ClInclude Include="T:\VisualStudio\ThinMatrix\libs\assimp\code\AssetLib\LWO\LWOFileData.h">
      <Filter>AssetLib\LWO</Filter>
    </ClInclude>
    <ClInclude Include="T:\VisualStudio\ThinMatrix\libs\assimp\code\AssetLib\LWO\LWOLoader.h">
      <Filter>AssetLib\LWO</Filter>
    </ClInclude>
    <ClInclude Include="T:\VisualStudio\ThinMatrix\libs\assimp\code\AssetLib\LWS\LWSLoader.h">
      <Filter>AssetLib\LWS</Filter>
    </ClInclude>
    <ClInclude Include="T:\VisualStudio\ThinMatrix\libs\assimp\code\AssetLib\MD2\MD2FileData.h">
      <Filter>AssetLib\MD2</Filter>
    </ClInclude>
    <ClInclude Include="T:\VisualStudio\ThinMatrix\libs\assimp\code\AssetLib\MD2\MD2Loader.h">
      <Filter>AssetLib\MD2</Filter>
    </ClInclude>
    <ClInclude Include="T:\VisualStudio\ThinMatrix\libs\assimp\code\AssetLib\MD2\MD2NormalTable.h">
      <Filter>AssetLib\MD2</Filter>
    </ClInclude>
    <ClInclude Include="T:\VisualStudio\ThinMatrix\libs\assimp\code\AssetLib\MD3\MD3FileData.h">
      <Filter>AssetLib\MD3</Filter>
    </ClInclude>
    <ClInclude Include="T:\VisualStudio\ThinMatrix\libs\assimp\code\AssetLib\MD3\MD3Loader.h">
      <Filter>AssetLib\MD3</Filter>
    </ClInclude>
    <ClInclude Include="T:\VisualStudio\ThinMatrix\libs\assimp\code\AssetLib\MD5\MD5Loader.h">
      <Filter>AssetLib\MD5</Filter>
    </ClInclude>
    <ClInclude Include="T:\VisualStudio\ThinMatrix\libs\assimp\code\AssetLib\MD5\MD5Parser.h">
      <Filter>AssetLib\MD5</Filter>
    </ClInclude>
    <ClInclude Include="T:\VisualStudio\ThinMatrix\libs\assimp\code\AssetLib\MDC\MDCFileData.h">
      <Filter>AssetLib\MDC</Filter>
    </ClInclude>
    <ClInclude Include="T:\VisualStudio\ThinMatrix\libs\assimp\code\AssetLib\MDC\MDCLoader.h">
      <Filter>AssetLib\MDC</Filter>
    </ClInclude>
    <ClInclude Include="T:\VisualStudio\ThinMatrix\libs\assimp\code\AssetLib\MDC\MDCNormalTable.h">
      <Filter>AssetLib\MDC</Filter>
    </ClInclude>
    <ClInclude Include="T:\VisualStudio\ThinMatrix\libs\assimp\code\AssetLib\MDL\MDLDefaultColorMap.h">
      <Filter>AssetLib\MDL</Filter>
    </ClInclude>
    <ClInclude Include="T:\VisualStudio\ThinMatrix\libs\assimp\code\AssetLib\MDL\MDLFileData.h">
      <Filter>AssetLib\MDL</Filter>
    </ClInclude>
    <ClInclude Include="T:\VisualStudio\ThinMatrix\libs\assimp\code\AssetLib\MDL\MDLLoader.h">
      <Filter>AssetLib\MDL</Filter>
    </ClInclude>
    <ClInclude Include="T:\VisualStudio\ThinMatrix\libs\assimp\code\AssetLib\MDL\HalfLife\HalfLifeMDLBaseHeader.h">
      <Filter>AssetLib\MDL</Filter>
    </ClInclude>
    <ClInclude Include="T:\VisualStudio\ThinMatrix\libs\assimp\code\AssetLib\MDL\HalfLife\HL1FileData.h">
      <Filter>AssetLib\MDL</Filter>
    </ClInclude>
    <ClInclude Include="T:\VisualStudio\ThinMatrix\libs\assimp\code\AssetLib\MDL\HalfLife\HL1MDLLoader.h">
      <Filter>AssetLib\MDL</Filter>
    </ClInclude>
    <ClInclude Include="T:\VisualStudio\ThinMatrix\libs\assimp\code\AssetLib\MDL\HalfLife\HL1ImportDefinitions.h">
      <Filter>AssetLib\MDL</Filter>
    </ClInclude>
    <ClInclude Include="T:\VisualStudio\ThinMatrix\libs\assimp\code\AssetLib\MDL\HalfLife\HL1ImportSettings.h">
      <Filter>AssetLib\MDL</Filter>
    </ClInclude>
    <ClInclude Include="T:\VisualStudio\ThinMatrix\libs\assimp\code\AssetLib\MDL\HalfLife\HL1MeshTrivert.h">
      <Filter>AssetLib\MDL</Filter>
    </ClInclude>
    <ClInclude Include="T:\VisualStudio\ThinMatrix\libs\assimp\code\AssetLib\MDL\HalfLife\LogFunctions.h">
      <Filter>AssetLib\MDL</Filter>
    </ClInclude>
    <ClInclude Include="T:\VisualStudio\ThinMatrix\libs\assimp\code\AssetLib\MDL\HalfLife\UniqueNameGenerator.h">
      <Filter>AssetLib\MDL</Filter>
    </ClInclude>
    <ClInclude Include="T:\VisualStudio\ThinMatrix\libs\assimp\code\AssetLib\NFF\NFFLoader.h">
      <Filter>AssetLib\NFF</Filter>
    </ClInclude>
    <ClInclude Include="T:\VisualStudio\ThinMatrix\libs\assimp\code\AssetLib\NDO\NDOLoader.h">
      <Filter>AssetLib\NDO</Filter>
    </ClInclude>
    <ClInclude Include="T:\VisualStudio\ThinMatrix\libs\assimp\code\AssetLib\OFF\OFFLoader.h">
      <Filter>AssetLib\OFF</Filter>
    </ClInclude>
    <ClInclude Include="T:\VisualStudio\ThinMatrix\libs\assimp\code\AssetLib\Obj\ObjFileData.h">
      <Filter>AssetLib\OBJ</Filter>
    </ClInclude>
    <ClInclude Include="T:\VisualStudio\ThinMatrix\libs\assimp\code\AssetLib\Obj\ObjFileImporter.h">
      <Filter>AssetLib\OBJ</Filter>
    </ClInclude>
    <ClInclude Include="T:\VisualStudio\ThinMatrix\libs\assimp\code\AssetLib\Obj\ObjFileMtlImporter.h">
      <Filter>AssetLib\OBJ</Filter>
    </ClInclude>
    <ClInclude Include="T:\VisualStudio\ThinMatrix\libs\assimp\code\AssetLib\Obj\ObjFileParser.h">
      <Filter>AssetLib\OBJ</Filter>
    </ClInclude>
    <ClInclude Include="T:\VisualStudio\ThinMatrix\libs\assimp\code\AssetLib\Obj\ObjTools.h">
      <Filter>AssetLib\OBJ</Filter>
    </ClInclude>
    <ClInclude Include="T:\VisualStudio\ThinMatrix\libs\assimp\code\AssetLib\Ogre\OgreImporter.h">
      <Filter>AssetLib\OGRE</Filter>
    </ClInclude>
    <ClInclude Include="T:\VisualStudio\ThinMatrix\libs\assimp\code\AssetLib\Ogre\OgreStructs.h">
      <Filter>AssetLib\OGRE</Filter>
    </ClInclude>
    <ClInclude Include="T:\VisualStudio\ThinMatrix\libs\assimp\code\AssetLib\Ogre\OgreParsingUtils.h">
      <Filter>AssetLib\OGRE</Filter>
    </ClInclude>
    <ClInclude Include="T:\VisualStudio\ThinMatrix\libs\assimp\code\AssetLib\Ogre\OgreBinarySerializer.h">
      <Filter>AssetLib\OGRE</Filter>
    </ClInclude>
    <ClInclude Include="T:\VisualStudio\ThinMatrix\libs\assimp\code\AssetLib\Ogre\OgreXmlSerializer.h">
      <Filter>AssetLib\OGRE</Filter>
    </ClInclude>
    <ClInclude Include="T:\VisualStudio\ThinMatrix\libs\assimp\code\AssetLib\OpenGEX\OpenGEXImporter.h">
      <Filter>AssetLib\OPENGEX</Filter>
    </ClInclude>
    <ClInclude Include="T:\VisualStudio\ThinMatrix\libs\assimp\code\AssetLib\OpenGEX\OpenGEXStructs.h">
      <Filter>AssetLib\OPENGEX</Filter>
    </ClInclude>
    <ClInclude Include="T:\VisualStudio\ThinMatrix\libs\assimp\code\AssetLib\Ply\PlyLoader.h">
      <Filter>AssetLib\PLY</Filter>
    </ClInclude>
    <ClInclude Include="T:\VisualStudio\ThinMatrix\libs\assimp\code\AssetLib\Ply\PlyParser.h">
      <Filter>AssetLib\PLY</Filter>
    </ClInclude>
    <ClInclude Include="T:\VisualStudio\ThinMatrix\libs\assimp\code\AssetLib\MS3D\MS3DLoader.h">
      <Filter>AssetLib\MS3D</Filter>
    </ClInclude>
    <ClInclude Include="T:\VisualStudio\ThinMatrix\libs\assimp\code\AssetLib\COB\COBLoader.h">
      <Filter>AssetLib\COB</Filter>
    </ClInclude>
    <ClInclude Include="T:\VisualStudio\ThinMatrix\libs\assimp\code\AssetLib\COB\COBScene.h">
      <Filter>AssetLib\COB</Filter>
    </ClInclude>
    <ClInclude Include="T:\VisualStudio\ThinMatrix\libs\assimp\code\AssetLib\Blender\BlenderLoader.h">
      <Filter>AssetLib\BLEND</Filter>
    </ClInclude>
    <ClInclude Include="T:\VisualStudio\ThinMatrix\libs\assimp\code\AssetLib\Blender\BlenderDNA.h">
      <Filter>AssetLib\BLEND</Filter>
    </ClInclude>
    <ClInclude Include="T:\VisualStudio\ThinMatrix\libs\assimp\code\AssetLib\Blender\BlenderDNA.inl">
      <Filter>AssetLib\BLEND</Filter>
    </ClInclude>
    <ClInclude Include="T:\VisualStudio\ThinMatrix\libs\assimp\code\AssetLib\Blender\BlenderScene.h">
      <Filter>AssetLib\BLEND</Filter>
    </ClInclude>
    <ClInclude Include="T:\VisualStudio\ThinMatrix\libs\assimp\code\AssetLib\Blender\BlenderSceneGen.h">
      <Filter>AssetLib\BLEND</Filter>
    </ClInclude>
    <ClInclude Include="T:\VisualStudio\ThinMatrix\libs\assimp\code\AssetLib\Blender\BlenderIntermediate.h">
      <Filter>AssetLib\BLEND</Filter>
    </ClInclude>
    <ClInclude Include="T:\VisualStudio\ThinMatrix\libs\assimp\code\AssetLib\Blender\BlenderModifier.h">
      <Filter>AssetLib\BLEND</Filter>
    </ClInclude>
    <ClInclude Include="T:\VisualStudio\ThinMatrix\libs\assimp\code\AssetLib\Blender\BlenderBMesh.h">
      <Filter>AssetLib\BLEND</Filter>
    </ClInclude>
    <ClInclude Include="T:\VisualStudio\ThinMatrix\libs\assimp\code\AssetLib\Blender\BlenderTessellator.h">
      <Filter>AssetLib\BLEND</Filter>
    </ClInclude>
    <ClInclude Include="T:\VisualStudio\ThinMatrix\libs\assimp\code\AssetLib\Blender\BlenderCustomData.h">
      <Filter>AssetLib\BLEND</Filter>
    </ClInclude>
    <ClInclude Include="T:\VisualStudio\ThinMatrix\libs\assimp\code\AssetLib\IFC\IFCLoader.h">
      <Filter>AssetLib\IFC</Filter>
    </ClInclude>
    <ClInclude Include="T:\VisualStudio\ThinMatrix\libs\assimp\code\AssetLib\IFC\IFCReaderGen_2x3.h">
      <Filter>AssetLib\IFC</Filter>
    </ClInclude>
    <ClInclude Include="T:\VisualStudio\ThinMatrix\libs\assimp\code\AssetLib\IFC\IFCUtil.h">
      <Filter>AssetLib\IFC</Filter>
    </ClInclude>
    <ClInclude Include="T:\VisualStudio\ThinMatrix\libs\assimp\code\AssetLib\XGL\XGLLoader.h">
      <Filter>AssetLib\XGL</Filter>
    </ClInclude>
    <ClInclude Include="T:\VisualStudio\ThinMatrix\libs\assimp\code\AssetLib\FBX\FBXCompileConfig.h">
      <Filter>AssetLib\FBX</Filter>
    </ClInclude>
    <ClInclude Include="T:\VisualStudio\ThinMatrix\libs\assimp\code\AssetLib\FBX\FBXImporter.h">
      <Filter>AssetLib\FBX</Filter>
    </ClInclude>
    <ClInclude Include="T:\VisualStudio\ThinMatrix\libs\assimp\code\AssetLib\FBX\FBXParser.h">
      <Filter>AssetLib\FBX</Filter>
    </ClInclude>
    <ClInclude Include="T:\VisualStudio\ThinMatrix\libs\assimp\code\AssetLib\FBX\FBXTokenizer.h">
      <Filter>AssetLib\FBX</Filter>
    </ClInclude>
    <ClInclude Include="T:\VisualStudio\ThinMatrix\libs\assimp\code\AssetLib\FBX\FBXImportSettings.h">
      <Filter>AssetLib\FBX</Filter>
    </ClInclude>
    <ClInclude Include="T:\VisualStudio\ThinMatrix\libs\assimp\code\AssetLib\FBX\FBXConverter.h">
      <Filter>AssetLib\FBX</Filter>
    </ClInclude>
    <ClInclude Include="T:\VisualStudio\ThinMatrix\libs\assimp\code\AssetLib\FBX\FBXUtil.h">
      <Filter>AssetLib\FBX</Filter>
    </ClInclude>
    <ClInclude Include="T:\VisualStudio\ThinMatrix\libs\assimp\code\AssetLib\FBX\FBXDocument.h">
      <Filter>AssetLib\FBX</Filter>
    </ClInclude>
    <ClInclude Include="T:\VisualStudio\ThinMatrix\libs\assimp\code\AssetLib\FBX\FBXProperties.h">
      <Filter>AssetLib\FBX</Filter>
    </ClInclude>
    <ClInclude Include="T:\VisualStudio\ThinMatrix\libs\assimp\code\AssetLib\FBX\FBXMeshGeometry.h">
      <Filter>AssetLib\FBX</Filter>
    </ClInclude>
    <ClInclude Include="T:\VisualStudio\ThinMatrix\libs\assimp\code\AssetLib\FBX\FBXCommon.h">
      <Filter>AssetLib\FBX</Filter>
    </ClInclude>
    <ClInclude Include="T:\VisualStudio\ThinMatrix\libs\assimp\code\AssetLib\Q3D\Q3DLoader.h">
      <Filter>AssetLib\Q3D</Filter>
    </ClInclude>
    <ClInclude Include="T:\VisualStudio\ThinMatrix\libs\assimp\code\AssetLib\Q3BSP\Q3BSPFileData.h">
      <Filter>AssetLib\Q3BSP</Filter>
    </ClInclude>
    <ClInclude Include="T:\VisualStudio\ThinMatrix\libs\assimp\code\AssetLib\Q3BSP\Q3BSPFileParser.h">
      <Filter>AssetLib\Q3BSP</Filter>
    </ClInclude>
    <ClInclude Include="T:\VisualStudio\ThinMatrix\libs\assimp\code\AssetLib\Q3BSP\Q3BSPFileImporter.h">
      <Filter>AssetLib\Q3BSP</Filter>
    </ClInclude>
    <ClInclude Include="T:\VisualStudio\ThinMatrix\libs\assimp\code\AssetLib\Raw\RawLoader.h">
      <Filter>AssetLib\RAW</Filter>
    </ClInclude>
    <ClInclude Include="T:\VisualStudio\ThinMatrix\libs\assimp\code\AssetLib\SIB\SIBImporter.h">
      <Filter>AssetLib\SIB</Filter>
    </ClInclude>
    <ClInclude Include="T:\VisualStudio\ThinMatrix\libs\assimp\code\AssetLib\SMD\SMDLoader.h">
      <Filter>AssetLib\SMD</Filter>
    </ClInclude>
    <ClInclude Include="T:\VisualStudio\ThinMatrix\libs\assimp\code\AssetLib\STL\STLLoader.h">
      <Filter>AssetLib\STL</Filter>
    </ClInclude>
    <ClInclude Include="T:\VisualStudio\ThinMatrix\libs\assimp\code\AssetLib\Terragen\TerragenLoader.h">
      <Filter>AssetLib\TERRAGEN</Filter>
    </ClInclude>
    <ClInclude Include="T:\VisualStudio\ThinMatrix\libs\assimp\code\AssetLib\Unreal\UnrealLoader.h">
      <Filter>AssetLib\3D</Filter>
    </ClInclude>
    <ClInclude Include="T:\VisualStudio\ThinMatrix\libs\assimp\code\AssetLib\X\XFileHelper.h">
      <Filter>AssetLib\X</Filter>
    </ClInclude>
    <ClInclude Include="T:\VisualStudio\ThinMatrix\libs\assimp\code\AssetLib\X\XFileImporter.h">
      <Filter>AssetLib\X</Filter>
    </ClInclude>
    <ClInclude Include="T:\VisualStudio\ThinMatrix\libs\assimp\code\AssetLib\X\XFileParser.h">
      <Filter>AssetLib\X</Filter>
    </ClInclude>
    <ClInclude Include="T:\VisualStudio\ThinMatrix\libs\assimp\code\AssetLib\X3D\X3DImporter.hpp">
      <Filter>AssetLib\X3D</Filter>
    </ClInclude>
    <ClInclude Include="T:\VisualStudio\ThinMatrix\libs\assimp\code\AssetLib\X3D\X3DImporter_Macro.hpp">
      <Filter>AssetLib\X3D</Filter>
    </ClInclude>
    <ClInclude Include="T:\VisualStudio\ThinMatrix\libs\assimp\code\AssetLib\X3D\X3DImporter_Node.hpp">
      <Filter>AssetLib\X3D</Filter>
    </ClInclude>
    <ClInclude Include="T:\VisualStudio\ThinMatrix\libs\assimp\code\AssetLib\X3D\X3DGeoHelper.h">
      <Filter>AssetLib\X3D</Filter>
    </ClInclude>
    <ClInclude Include="T:\VisualStudio\ThinMatrix\libs\assimp\code\AssetLib\X3D\X3DXmlHelper.h">
      <Filter>AssetLib\X3D</Filter>
    </ClInclude>
    <ClInclude Include="T:\VisualStudio\ThinMatrix\libs\assimp\code\AssetLib\glTF\glTFCommon.h">
      <Filter>AssetLib\GLTF</Filter>
    </ClInclude>
    <ClInclude Include="T:\VisualStudio\ThinMatrix\libs\assimp\code\AssetLib\glTF\glTFAsset.h">
      <Filter>AssetLib\GLTF</Filter>
    </ClInclude>
    <ClInclude Include="T:\VisualStudio\ThinMatrix\libs\assimp\code\AssetLib\glTF\glTFAsset.inl">
      <Filter>AssetLib\GLTF</Filter>
    </ClInclude>
    <ClInclude Include="T:\VisualStudio\ThinMatrix\libs\assimp\code\AssetLib\glTF\glTFAssetWriter.h">
      <Filter>AssetLib\GLTF</Filter>
    </ClInclude>
    <ClInclude Include="T:\VisualStudio\ThinMatrix\libs\assimp\code\AssetLib\glTF\glTFAssetWriter.inl">
      <Filter>AssetLib\GLTF</Filter>
    </ClInclude>
    <ClInclude Include="T:\VisualStudio\ThinMatrix\libs\assimp\code\AssetLib\glTF\glTFImporter.h">
      <Filter>AssetLib\GLTF</Filter>
    </ClInclude>
    <ClInclude Include="T:\VisualStudio\ThinMatrix\libs\assimp\code\AssetLib\glTF2\glTF2Asset.h">
      <Filter>AssetLib\GLTF</Filter>
    </ClInclude>
    <ClInclude Include="T:\VisualStudio\ThinMatrix\libs\assimp\code\AssetLib\glTF2\glTF2Asset.inl">
      <Filter>AssetLib\GLTF</Filter>
    </ClInclude>
    <ClInclude Include="T:\VisualStudio\ThinMatrix\libs\assimp\code\AssetLib\glTF2\glTF2AssetWriter.h">
      <Filter>AssetLib\GLTF</Filter>
    </ClInclude>
    <ClInclude Include="T:\VisualStudio\ThinMatrix\libs\assimp\code\AssetLib\glTF2\glTF2AssetWriter.inl">
      <Filter>AssetLib\GLTF</Filter>
    </ClInclude>
    <ClInclude Include="T:\VisualStudio\ThinMatrix\libs\assimp\code\AssetLib\glTF2\glTF2Importer.h">
      <Filter>AssetLib\GLTF</Filter>
    </ClInclude>
    <ClInclude Include="T:\VisualStudio\ThinMatrix\libs\assimp\code\AssetLib\3MF\3MFTypes.h">
      <Filter>AssetLib\3MF</Filter>
    </ClInclude>
    <ClInclude Include="T:\VisualStudio\ThinMatrix\libs\assimp\code\AssetLib\3MF\XmlSerializer.h">
      <Filter>AssetLib\3MF</Filter>
    </ClInclude>
    <ClInclude Include="T:\VisualStudio\ThinMatrix\libs\assimp\code\AssetLib\3MF\D3MFImporter.h">
      <Filter>AssetLib\3MF</Filter>
    </ClInclude>
    <ClInclude Include="T:\VisualStudio\ThinMatrix\libs\assimp\code\AssetLib\3MF\D3MFOpcPackage.h">
      <Filter>AssetLib\3MF</Filter>
    </ClInclude>
    <ClInclude Include="T:\VisualStudio\ThinMatrix\libs\assimp\code\AssetLib\3MF\3MFXmlTags.h">
      <Filter>AssetLib\3MF</Filter>
    </ClInclude>
    <ClInclude Include="T:\VisualStudio\ThinMatrix\libs\assimp\code\AssetLib\MMD\MMDCpp14.h">
      <Filter>AssetLib\MMD</Filter>
    </ClInclude>
    <ClInclude Include="T:\VisualStudio\ThinMatrix\libs\assimp\code\AssetLib\MMD\MMDImporter.h">
      <Filter>AssetLib\MMD</Filter>
    </ClInclude>
    <ClInclude Include="T:\VisualStudio\ThinMatrix\libs\assimp\code\AssetLib\MMD\MMDPmdParser.h">
      <Filter>AssetLib\MMD</Filter>
    </ClInclude>
    <ClInclude Include="T:\VisualStudio\ThinMatrix\libs\assimp\code\AssetLib\MMD\MMDPmxParser.h">
      <Filter>AssetLib\MMD</Filter>
    </ClInclude>
    <ClInclude Include="T:\VisualStudio\ThinMatrix\libs\assimp\code\AssetLib\MMD\MMDVmdParser.h">
      <Filter>AssetLib\MMD</Filter>
    </ClInclude>
    <ClInclude Include="T:\VisualStudio\ThinMatrix\libs\assimp\code\AssetLib\Obj\ObjExporter.h">
      <Filter>AssetLib\OBJ</Filter>
    </ClInclude>
    <ClInclude Include="T:\VisualStudio\ThinMatrix\libs\assimp\code\AssetLib\OpenGEX\OpenGEXExporter.h">
      <Filter>AssetLib\OPENGEX</Filter>
    </ClInclude>
    <ClInclude Include="T:\VisualStudio\ThinMatrix\libs\assimp\code\AssetLib\Ply\PlyExporter.h">
      <Filter>AssetLib\PLY</Filter>
    </ClInclude>
    <ClInclude Include="T:\VisualStudio\ThinMatrix\libs\assimp\code\AssetLib\3DS\3DSExporter.h">
      <Filter>AssetLib\3DS</Filter>
    </ClInclude>
    <ClInclude Include="T:\VisualStudio\ThinMatrix\libs\assimp\code\AssetLib\Assbin\AssbinExporter.h">
      <Filter>AssetLib\ASSBIN</Filter>
    </ClInclude>
    <ClInclude Include="T:\VisualStudio\ThinMatrix\libs\assimp\code\AssetLib\Assbin\AssbinFileWriter.h">
      <Filter>AssetLib\ASSBIN</Filter>
    </ClInclude>
    <ClInclude Include="T:\VisualStudio\ThinMatrix\libs\assimp\code\AssetLib\Assxml\AssxmlExporter.h">
      <Filter>AssetLib\ASSXML</Filter>
    </ClInclude>
    <ClInclude Include="T:\VisualStudio\ThinMatrix\libs\assimp\code\AssetLib\Assxml\AssxmlFileWriter.h">
      <Filter>AssetLib\ASSXML</Filter>
    </ClInclude>
    <ClInclude Include="T:\VisualStudio\ThinMatrix\libs\assimp\code\AssetLib\Collada\ColladaExporter.h">
      <Filter>AssetLib\COLLADA</Filter>
    </ClInclude>
    <ClInclude Include="T:\VisualStudio\ThinMatrix\libs\assimp\code\AssetLib\FBX\FBXExporter.h">
      <Filter>AssetLib\FBX</Filter>
    </ClInclude>
    <ClInclude Include="T:\VisualStudio\ThinMatrix\libs\assimp\code\AssetLib\FBX\FBXExportNode.h">
      <Filter>AssetLib\FBX</Filter>
    </ClInclude>
    <ClInclude Include="T:\VisualStudio\ThinMatrix\libs\assimp\code\AssetLib\FBX\FBXExportProperty.h">
      <Filter>AssetLib\FBX</Filter>
    </ClInclude>
    <ClInclude Include="T:\VisualStudio\ThinMatrix\libs\assimp\code\AssetLib\STL\STLExporter.h">
      <Filter>AssetLib\STL</Filter>
    </ClInclude>
    <ClInclude Include="T:\VisualStudio\ThinMatrix\libs\assimp\code\AssetLib\X\XFileExporter.h">
      <Filter>AssetLib\X</Filter>
    </ClInclude>
    <ClInclude Include="T:\VisualStudio\ThinMatrix\libs\assimp\code\AssetLib\X3D\X3DExporter.hpp">
      <Filter>AssetLib\X3D</Filter>
    </ClInclude>
    <ClInclude Include="T:\VisualStudio\ThinMatrix\libs\assimp\code\AssetLib\glTF\glTFExporter.h">
      <Filter>AssetLib\GLTF</Filter>
    </ClInclude>
    <ClInclude Include="T:\VisualStudio\ThinMatrix\libs\assimp\code\AssetLib\glTF2\glTF2Exporter.h">
      <Filter>AssetLib\GLTF</Filter>
    </ClInclude>
    <ClInclude Include="T:\VisualStudio\ThinMatrix\libs\assimp\code\AssetLib\3MF\D3MFExporter.h">
      <Filter>AssetLib\3MF</Filter>
    </ClInclude>
    <ClInclude Include="T:\VisualStudio\ThinMatrix\libs\assimp\code\Pbrt\PbrtExporter.h">
      <Filter>AssetLib\PBRT</Filter>
    </ClInclude>
    <ClInclude Include="T:\VisualStudio\ThinMatrix\libs\assimp\code\AssetLib\Assjson\cencode.h">
      <Filter>AssetLib\ASSJSON</Filter>
    </ClInclude>
    <ClInclude Include="T:\VisualStudio\ThinMatrix\libs\assimp\code\AssetLib\Assjson\mesh_splitter.h">
      <Filter>AssetLib\ASSJSON</Filter>
    </ClInclude>
    <ClInclude Include="T:\VisualStudio\ThinMatrix\libs\assimp\code\AssetLib\Step\StepExporter.h">
      <Filter>AssetLib\STEP</Filter>
    </ClInclude>
    <ClInclude Include="T:\VisualStudio\ThinMatrix\libs\assimp\contrib\unzip\crypt.h">
      <Filter>Contrib\unzip</Filter>
    </ClInclude>
    <ClInclude Include="T:\VisualStudio\ThinMatrix\libs\assimp\contrib\unzip\ioapi.h">
      <Filter>Contrib\unzip</Filter>
    </ClInclude>
    <ClInclude Include="T:\VisualStudio\ThinMatrix\libs\assimp\contrib\unzip\unzip.h">
      <Filter>Contrib\unzip</Filter>
    </ClInclude>
    <ClInclude Include="T:\VisualStudio\ThinMatrix\libs\assimp\contrib\poly2tri\poly2tri\common\shapes.h">
      <Filter>Contrib\Poly2Tri</Filter>
    </ClInclude>
    <ClInclude Include="T:\VisualStudio\ThinMatrix\libs\assimp\contrib\poly2tri\poly2tri\common\utils.h">
      <Filter>Contrib\Poly2Tri</Filter>
    </ClInclude>
    <ClInclude Include="T:\VisualStudio\ThinMatrix\libs\assimp\contrib\poly2tri\poly2tri\sweep\advancing_front.h">
      <Filter>Contrib\Poly2Tri</Filter>
    </ClInclude>
    <ClInclude Include="T:\VisualStudio\ThinMatrix\libs\assimp\contrib\poly2tri\poly2tri\sweep\cdt.h">
      <Filter>Contrib\Poly2Tri</Filter>
    </ClInclude>
    <ClInclude Include="T:\VisualStudio\ThinMatrix\libs\assimp\contrib\poly2tri\poly2tri\sweep\sweep.h">
      <Filter>Contrib\Poly2Tri</Filter>
    </ClInclude>
    <ClInclude Include="T:\VisualStudio\ThinMatrix\libs\assimp\contrib\poly2tri\poly2tri\sweep\sweep_context.h">
      <Filter>Contrib\Poly2Tri</Filter>
    </ClInclude>
    <ClInclude Include="T:\VisualStudio\ThinMatrix\libs\assimp\contrib\clipper\clipper.hpp">
      <Filter>Contrib\Clipper</Filter>
    </ClInclude>
    <ClInclude Include="T:\VisualStudio\ThinMatrix\libs\assimp\contrib\openddlparser\include\openddlparser\OpenDDLParser.h">
      <Filter>Contrib\openddl_parser</Filter>
    </ClInclude>
    <ClInclude Include="T:\VisualStudio\ThinMatrix\libs\assimp\contrib\openddlparser\include\openddlparser\OpenDDLParserUtils.h">
      <Filter>Contrib\openddl_parser</Filter>
    </ClInclude>
    <ClInclude Include="T:\VisualStudio\ThinMatrix\libs\assimp\contrib\openddlparser\include\openddlparser\OpenDDLCommon.h">
      <Filter>Contrib\openddl_parser</Filter>
    </ClInclude>
    <ClInclude Include="T:\VisualStudio\ThinMatrix\libs\assimp\contrib\openddlparser\include\openddlparser\OpenDDLExport.h">
      <Filter>Contrib\openddl_parser</Filter>
    </ClInclude>
    <ClInclude Include="T:\VisualStudio\ThinMatrix\libs\assimp\contrib\openddlparser\include\openddlparser\OpenDDLStream.h">
      <Filter>Contrib\openddl_parser</Filter>
    </ClInclude>
    <ClInclude Include="T:\VisualStudio\ThinMatrix\libs\assimp\contrib\openddlparser\include\openddlparser\DDLNode.h">
      <Filter>Contrib\openddl_parser</Filter>
    </ClInclude>
    <ClInclude Include="T:\VisualStudio\ThinMatrix\libs\assimp\contrib\openddlparser\include\openddlparser\Value.h">
      <Filter>Contrib\openddl_parser</Filter>
    </ClInclude>
    <ClInclude Include="T:\VisualStudio\ThinMatrix\libs\assimp\contrib\Open3DGC\o3dgcAdjacencyInfo.h">
      <Filter>Contrib\open3dgc</Filter>
    </ClInclude>
    <ClInclude Include="T:\VisualStudio\ThinMatrix\libs\assimp\contrib\Open3DGC\o3dgcArithmeticCodec.h">
      <Filter>Contrib\open3dgc</Filter>
    </ClInclude>
    <ClInclude Include="T:\VisualStudio\ThinMatrix\libs\assimp\contrib\Open3DGC\o3dgcBinaryStream.h">
      <Filter>Contrib\open3dgc</Filter>
    </ClInclude>
    <ClInclude Include="T:\VisualStudio\ThinMatrix\libs\assimp\contrib\Open3DGC\o3dgcCommon.h">
      <Filter>Contrib\open3dgc</Filter>
    </ClInclude>
    <ClInclude Include="T:\VisualStudio\ThinMatrix\libs\assimp\contrib\Open3DGC\o3dgcDVEncodeParams.h">
      <Filter>Contrib\open3dgc</Filter>
    </ClInclude>
    <ClInclude Include="T:\VisualStudio\ThinMatrix\libs\assimp\contrib\Open3DGC\o3dgcDynamicVectorDecoder.h">
      <Filter>Contrib\open3dgc</Filter>
    </ClInclude>
    <ClInclude Include="T:\VisualStudio\ThinMatrix\libs\assimp\contrib\Open3DGC\o3dgcDynamicVectorEncoder.h">
      <Filter>Contrib\open3dgc</Filter>
    </ClInclude>
    <ClInclude Include="T:\VisualStudio\ThinMatrix\libs\assimp\contrib\Open3DGC\o3dgcDynamicVector.h">
      <Filter>Contrib\open3dgc</Filter>
    </ClInclude>
    <ClInclude Include="T:\VisualStudio\ThinMatrix\libs\assimp\contrib\Open3DGC\o3dgcFIFO.h">
      <Filter>Contrib\open3dgc</Filter>
    </ClInclude>
    <ClInclude Include="T:\VisualStudio\ThinMatrix\libs\assimp\contrib\Open3DGC\o3dgcIndexedFaceSet.h">
      <Filter>Contrib\open3dgc</Filter>
    </ClInclude>
    <ClInclude Include="T:\VisualStudio\ThinMatrix\libs\assimp\contrib\Open3DGC\o3dgcIndexedFaceSet.inl">
      <Filter>Contrib\open3dgc</Filter>
    </ClInclude>
    <ClInclude Include="T:\VisualStudio\ThinMatrix\libs\assimp\contrib\Open3DGC\o3dgcSC3DMCDecoder.h">
      <Filter>Contrib\open3dgc</Filter>
    </ClInclude>
    <ClInclude Include="T:\VisualStudio\ThinMatrix\libs\assimp\contrib\Open3DGC\o3dgcSC3DMCDecoder.inl">
      <Filter>Contrib\open3dgc</Filter>
    </ClInclude>
    <ClInclude Include="T:\VisualStudio\ThinMatrix\libs\assimp\contrib\Open3DGC\o3dgcSC3DMCEncodeParams.h">
      <Filter>Contrib\open3dgc</Filter>
    </ClInclude>
    <ClInclude Include="T:\VisualStudio\ThinMatrix\libs\assimp\contrib\Open3DGC\o3dgcSC3DMCEncoder.h">
      <Filter>Contrib\open3dgc</Filter>
    </ClInclude>
    <ClInclude Include="T:\VisualStudio\ThinMatrix\libs\assimp\contrib\Open3DGC\o3dgcSC3DMCEncoder.inl">
      <Filter>Contrib\open3dgc</Filter>
    </ClInclude>
    <ClInclude Include="T:\VisualStudio\ThinMatrix\libs\assimp\contrib\Open3DGC\o3dgcTimer.h">
      <Filter>Contrib\open3dgc</Filter>
    </ClInclude>
    <ClInclude Include="T:\VisualStudio\ThinMatrix\libs\assimp\contrib\Open3DGC\o3dgcTriangleFans.h">
      <Filter>Contrib\open3dgc</Filter>
    </ClInclude>
    <ClInclude Include="T:\VisualStudio\ThinMatrix\libs\assimp\contrib\Open3DGC\o3dgcTriangleListDecoder.h">
      <Filter>Contrib\open3dgc</Filter>
    </ClInclude>
    <ClInclude Include="T:\VisualStudio\ThinMatrix\libs\assimp\contrib\Open3DGC\o3dgcTriangleListDecoder.inl">
      <Filter>Contrib\open3dgc</Filter>
    </ClInclude>
    <ClInclude Include="T:\VisualStudio\ThinMatrix\libs\assimp\contrib\Open3DGC\o3dgcTriangleListEncoder.h">
      <Filter>Contrib\open3dgc</Filter>
    </ClInclude>
    <ClInclude Include="T:\VisualStudio\ThinMatrix\libs\assimp\contrib\Open3DGC\o3dgcTriangleListEncoder.inl">
      <Filter>Contrib\open3dgc</Filter>
    </ClInclude>
    <ClInclude Include="T:\VisualStudio\ThinMatrix\libs\assimp\contrib\Open3DGC\o3dgcVector.h">
      <Filter>Contrib\open3dgc</Filter>
    </ClInclude>
    <ClInclude Include="T:\VisualStudio\ThinMatrix\libs\assimp\contrib\Open3DGC\o3dgcVector.inl">
      <Filter>Contrib\open3dgc</Filter>
    </ClInclude>
    <ClInclude Include="T:\VisualStudio\ThinMatrix\libs\assimp\contrib\zip\src\miniz.h">
      <Filter>ziplib</Filter>
    </ClInclude>
    <ClInclude Include="T:\VisualStudio\ThinMatrix\libs\assimp\contrib\zip\src\zip.h">
      <Filter>ziplib</Filter>
    </ClInclude>
    <ClInclude Include="T:\VisualStudio\ThinMatrix\libs\assimp\contrib\pugixml\src\pugiconfig.hpp">
      <Filter>Contrib\Pugixml</Filter>
    </ClInclude>
    <ClInclude Include="T:\VisualStudio\ThinMatrix\libs\assimp\contrib\pugixml\src\pugixml.hpp">
      <Filter>Contrib\Pugixml</Filter>
    </ClInclude>
    <ClInclude Include="T:\VisualStudio\ThinMatrix\libs\assimp\contrib\stb\stb_image.h">
      <Filter>Contrib\stb</Filter>
    </ClInclude>
    <ClInclude Include="T:\VisualStudio\ThinMatrix\libs\assimp\include\assimp\anim.h">
      <Filter>include\assimp</Filter>
    </ClInclude>
    <ClInclude Include="T:\VisualStudio\ThinMatrix\libs\assimp\include\assimp\aabb.h">
      <Filter>include\assimp</Filter>
    </ClInclude>
    <ClInclude Include="T:\VisualStudio\ThinMatrix\libs\assimp\include\assimp\ai_assert.h">
      <Filter>include\assimp</Filter>
    </ClInclude>
    <ClInclude Include="T:\VisualStudio\ThinMatrix\libs\assimp\include\assimp\camera.h">
      <Filter>include\assimp</Filter>
    </ClInclude>
    <ClInclude Include="T:\VisualStudio\ThinMatrix\libs\assimp\include\assimp\color4.h">
      <Filter>include\assimp</Filter>
    </ClInclude>
    <ClInclude Include="T:\VisualStudio\ThinMatrix\libs\assimp\include\assimp\color4.inl">
      <Filter>include\assimp</Filter>
    </ClInclude>
    <ClInclude Include="T:\VisualStudio\ThinMatrix\build-release\libs\assimp\include\assimp\config.h">
      <Filter>include\assimp</Filter>
    </ClInclude>
    <ClInclude Include="T:\VisualStudio\ThinMatrix\libs\assimp\include\assimp\ColladaMetaData.h">
      <Filter>include\assimp</Filter>
    </ClInclude>
    <ClInclude Include="T:\VisualStudio\ThinMatrix\libs\assimp\include\assimp\commonMetaData.h">
      <Filter>include\assimp</Filter>
    </ClInclude>
    <ClInclude Include="T:\VisualStudio\ThinMatrix\libs\assimp\include\assimp\defs.h">
      <Filter>include\assimp</Filter>
    </ClInclude>
    <ClInclude Include="T:\VisualStudio\ThinMatrix\libs\assimp\include\assimp\cfileio.h">
      <Filter>include\assimp</Filter>
    </ClInclude>
    <ClInclude Include="T:\VisualStudio\ThinMatrix\libs\assimp\include\assimp\light.h">
      <Filter>include\assimp</Filter>
    </ClInclude>
    <ClInclude Include="T:\VisualStudio\ThinMatrix\libs\assimp\include\assimp\material.h">
      <Filter>include\assimp</Filter>
    </ClInclude>
    <ClInclude Include="T:\VisualStudio\ThinMatrix\libs\assimp\include\assimp\material.inl">
      <Filter>include\assimp</Filter>
    </ClInclude>
    <ClInclude Include="T:\VisualStudio\ThinMatrix\libs\assimp\include\assimp\matrix3x3.h">
      <Filter>include\assimp</Filter>
    </ClInclude>
    <ClInclude Include="T:\VisualStudio\ThinMatrix\libs\assimp\include\assimp\matrix3x3.inl">
      <Filter>include\assimp</Filter>
    </ClInclude>
    <ClInclude Include="T:\VisualStudio\ThinMatrix\libs\assimp\include\assimp\matrix4x4.h">
      <Filter>include\assimp</Filter>
    </ClInclude>
    <ClInclude Include="T:\VisualStudio\ThinMatrix\libs\assimp\include\assimp\matrix4x4.inl">
      <Filter>include\assimp</Filter>
    </ClInclude>
    <ClInclude Include="T:\VisualStudio\ThinMatrix\libs\assimp\include\assimp\mesh.h">
      <Filter>include\assimp</Filter>
    </ClInclude>
    <ClInclude Include="T:\VisualStudio\ThinMatrix\libs\assimp\include\assimp\ObjMaterial.h">
      <Filter>include\assimp</Filter>
    </ClInclude>
    <ClInclude Include="T:\VisualStudio\ThinMatrix\libs\assimp\include\assimp\pbrmaterial.h">
      <Filter>include\assimp</Filter>
    </ClInclude>
    <ClInclude Include="T:\VisualStudio\ThinMatrix\libs\assimp\include\assimp\GltfMaterial.h">
      <Filter>include\assimp</Filter>
    </ClInclude>
    <ClInclude Include="T:\VisualStudio\ThinMatrix\libs\assimp\include\assimp\postprocess.h">
      <Filter>include\assimp</Filter>
    </ClInclude>
    <ClInclude Include="T:\VisualStudio\ThinMatrix\libs\assimp\include\assimp\quaternion.h">
      <Filter>include\assimp</Filter>
    </ClInclude>
    <ClInclude Include="T:\VisualStudio\ThinMatrix\libs\assimp\include\assimp\quaternion.inl">
      <Filter>include\assimp</Filter>
    </ClInclude>
    <ClInclude Include="T:\VisualStudio\ThinMatrix\libs\assimp\include\assimp\scene.h">
      <Filter>include\assimp</Filter>
    </ClInclude>
    <ClInclude Include="T:\VisualStudio\ThinMatrix\libs\assimp\include\assimp\metadata.h">
      <Filter>include\assimp</Filter>
    </ClInclude>
    <ClInclude Include="T:\VisualStudio\ThinMatrix\libs\assimp\include\assimp\texture.h">
      <Filter>include\assimp</Filter>
    </ClInclude>
    <ClInclude Include="T:\VisualStudio\ThinMatrix\libs\assimp\include\assimp\types.h">
      <Filter>include\assimp</Filter>
    </ClInclude>
    <ClInclude Include="T:\VisualStudio\ThinMatrix\libs\assimp\include\assimp\vector2.h">
      <Filter>include\assimp</Filter>
    </ClInclude>
    <ClInclude Include="T:\VisualStudio\ThinMatrix\libs\assimp\include\assimp\vector2.inl">
      <Filter>include\assimp</Filter>
    </ClInclude>
    <ClInclude Include="T:\VisualStudio\ThinMatrix\libs\assimp\include\assimp\vector3.h">
      <Filter>include\assimp</Filter>
    </ClInclude>
    <ClInclude Include="T:\VisualStudio\ThinMatrix\libs\assimp\include\assimp\vector3.inl">
      <Filter>include\assimp</Filter>
    </ClInclude>
    <ClInclude Include="T:\VisualStudio\ThinMatrix\libs\assimp\include\assimp\version.h">
      <Filter>include\assimp</Filter>
    </ClInclude>
    <ClInclude Include="T:\VisualStudio\ThinMatrix\libs\assimp\include\assimp\cimport.h">
      <Filter>include\assimp</Filter>
    </ClInclude>
    <ClInclude Include="T:\VisualStudio\ThinMatrix\libs\assimp\include\assimp\AssertHandler.h">
      <Filter>include\assimp</Filter>
    </ClInclude>
    <ClInclude Include="T:\VisualStudio\ThinMatrix\libs\assimp\include\assimp\importerdesc.h">
      <Filter>include\assimp</Filter>
    </ClInclude>
    <ClInclude Include="T:\VisualStudio\ThinMatrix\libs\assimp\include\assimp\Importer.hpp">
      <Filter>include\assimp</Filter>
    </ClInclude>
    <ClInclude Include="T:\VisualStudio\ThinMatrix\libs\assimp\include\assimp\ProgressHandler.hpp">
      <Filter>include\assimp</Filter>
    </ClInclude>
    <ClInclude Include="T:\VisualStudio\ThinMatrix\libs\assimp\include\assimp\IOStream.hpp">
      <Filter>include\assimp</Filter>
    </ClInclude>
    <ClInclude Include="T:\VisualStudio\ThinMatrix\libs\assimp\include\assimp\IOSystem.hpp">
      <Filter>include\assimp</Filter>
    </ClInclude>
    <ClInclude Include="T:\VisualStudio\ThinMatrix\libs\assimp\include\assimp\cexport.h">
      <Filter>include\assimp</Filter>
    </ClInclude>
    <ClInclude Include="T:\VisualStudio\ThinMatrix\libs\assimp\include\assimp\Exporter.hpp">
      <Filter>include\assimp</Filter>
    </ClInclude>
    <ClInclude Include="T:\VisualStudio\ThinMatrix\libs\assimp\include\assimp\DefaultIOStream.h">
      <Filter>include\assimp</Filter>
    </ClInclude>
    <ClInclude Include="T:\VisualStudio\ThinMatrix\libs\assimp\include\assimp\DefaultIOSystem.h">
      <Filter>include\assimp</Filter>
    </ClInclude>
    <ClInclude Include="T:\VisualStudio\ThinMatrix\libs\assimp\include\assimp\ZipArchiveIOSystem.h">
      <Filter>include\assimp</Filter>
    </ClInclude>
    <ClInclude Include="T:\VisualStudio\ThinMatrix\libs\assimp\include\assimp\SceneCombiner.h">
      <Filter>include\assimp</Filter>
    </ClInclude>
    <ClInclude Include="T:\VisualStudio\ThinMatrix\libs\assimp\include\assimp\fast_atof.h">
      <Filter>include\assimp</Filter>
    </ClInclude>
    <ClInclude Include="T:\VisualStudio\ThinMatrix\libs\assimp\include\assimp\qnan.h">
      <Filter>include\assimp</Filter>
    </ClInclude>
    <ClInclude Include="T:\VisualStudio\ThinMatrix\libs\assimp\include\assimp\BaseImporter.h">
      <Filter>include\assimp</Filter>
    </ClInclude>
    <ClInclude Include="T:\VisualStudio\ThinMatrix\libs\assimp\include\assimp\Hash.h">
      <Filter>include\assimp</Filter>
    </ClInclude>
    <ClInclude Include="T:\VisualStudio\ThinMatrix\libs\assimp\include\assimp\MemoryIOWrapper.h">
      <Filter>include\assimp</Filter>
    </ClInclude>
    <ClInclude Include="T:\VisualStudio\ThinMatrix\libs\assimp\include\assimp\ParsingUtils.h">
      <Filter>include\assimp</Filter>
    </ClInclude>
    <ClInclude Include="T:\VisualStudio\ThinMatrix\libs\assimp\include\assimp\StreamReader.h">
      <Filter>include\assimp</Filter>
    </ClInclude>
    <ClInclude Include="T:\VisualStudio\ThinMatrix\libs\assimp\include\assimp\StreamWriter.h">
      <Filter>include\assimp</Filter>
    </ClInclude>
    <ClInclude Include="T:\VisualStudio\ThinMatrix\libs\assimp\include\assimp\StringComparison.h">
      <Filter>include\assimp</Filter>
    </ClInclude>
    <ClInclude Include="T:\VisualStudio\ThinMatrix\libs\assimp\include\assimp\StringUtils.h">
      <Filter>include\assimp</Filter>
    </ClInclude>
    <ClInclude Include="T:\VisualStudio\ThinMatrix\libs\assimp\include\assimp\SGSpatialSort.h">
      <Filter>include\assimp</Filter>
    </ClInclude>
    <ClInclude Include="T:\VisualStudio\ThinMatrix\libs\assimp\include\assimp\GenericProperty.h">
      <Filter>include\assimp</Filter>
    </ClInclude>
    <ClInclude Include="T:\VisualStudio\ThinMatrix\libs\assimp\include\assimp\SpatialSort.h">
      <Filter>include\assimp</Filter>
    </ClInclude>
    <ClInclude Include="T:\VisualStudio\ThinMatrix\libs\assimp\include\assimp\SkeletonMeshBuilder.h">
      <Filter>include\assimp</Filter>
    </ClInclude>
    <ClInclude Include="T:\VisualStudio\ThinMatrix\libs\assimp\include\assimp\SmallVector.h">
      <Filter>include\assimp</Filter>
    </ClInclude>
    <ClInclude Include="T:\VisualStudio\ThinMatrix\libs\assimp\include\assimp\SmoothingGroups.h">
      <Filter>include\assimp</Filter>
    </ClInclude>
    <ClInclude Include="T:\VisualStudio\ThinMatrix\libs\assimp\include\assimp\SmoothingGroups.inl">
      <Filter>include\assimp</Filter>
    </ClInclude>
    <ClInclude Include="T:\VisualStudio\ThinMatrix\libs\assimp\include\assimp\StandardShapes.h">
      <Filter>include\assimp</Filter>
    </ClInclude>
    <ClInclude Include="T:\VisualStudio\ThinMatrix\libs\assimp\include\assimp\RemoveComments.h">
      <Filter>include\assimp</Filter>
    </ClInclude>
    <ClInclude Include="T:\VisualStudio\ThinMatrix\libs\assimp\include\assimp\Subdivision.h">
      <Filter>include\assimp</Filter>
    </ClInclude>
    <ClInclude Include="T:\VisualStudio\ThinMatrix\libs\assimp\include\assimp\Vertex.h">
      <Filter>include\assimp</Filter>
    </ClInclude>
    <ClInclude Include="T:\VisualStudio\ThinMatrix\libs\assimp\include\assimp\LineSplitter.h">
      <Filter>include\assimp</Filter>
    </ClInclude>
    <ClInclude Include="T:\VisualStudio\ThinMatrix\libs\assimp\include\assimp\TinyFormatter.h">
      <Filter>include\assimp</Filter>
    </ClInclude>
    <ClInclude Include="T:\VisualStudio\ThinMatrix\libs\assimp\include\assimp\Profiler.h">
      <Filter>include\assimp</Filter>
    </ClInclude>
    <ClInclude Include="T:\VisualStudio\ThinMatrix\libs\assimp\include\assimp\LogAux.h">
      <Filter>include\assimp</Filter>
    </ClInclude>
    <ClInclude Include="T:\VisualStudio\ThinMatrix\libs\assimp\include\assimp\Bitmap.h">
      <Filter>include\assimp</Filter>
    </ClInclude>
    <ClInclude Include="T:\VisualStudio\ThinMatrix\libs\assimp\include\assimp\XMLTools.h">
      <Filter>include\assimp</Filter>
    </ClInclude>
    <ClInclude Include="T:\VisualStudio\ThinMatrix\libs\assimp\include\assimp\IOStreamBuffer.h">
      <Filter>include\assimp</Filter>
    </ClInclude>
    <ClInclude Include="T:\VisualStudio\ThinMatrix\libs\assimp\include\assimp\CreateAnimMesh.h">
      <Filter>include\assimp</Filter>
    </ClInclude>
    <ClInclude Include="T:\VisualStudio\ThinMatrix\libs\assimp\include\assimp\XmlParser.h">
      <Filter>include\assimp</Filter>
    </ClInclude>
    <ClInclude Include="T:\VisualStudio\ThinMatrix\libs\assimp\include\assimp\MathFunctions.h">
      <Filter>include\assimp</Filter>
    </ClInclude>
    <ClInclude Include="T:\VisualStudio\ThinMatrix\libs\assimp\include\assimp\Exceptional.h">
      <Filter>include\assimp</Filter>
    </ClInclude>
    <ClInclude Include="T:\VisualStudio\ThinMatrix\libs\assimp\include\assimp\ByteSwapper.h">
      <Filter>include\assimp</Filter>
    </ClInclude>
    <ClInclude Include="T:\VisualStudio\ThinMatrix\libs\assimp\include\assimp\Base64.hpp">
      <Filter>include\assimp</Filter>
    </ClInclude>
    <ClInclude Include="T:\VisualStudio\ThinMatrix\libs\assimp\include\assimp\Compiler\pushpack1.h">
      <Filter>Compiler</Filter>
    </ClInclude>
    <ClInclude Include="T:\VisualStudio\ThinMatrix\libs\assimp\include\assimp\Compiler\poppack1.h">
      <Filter>Compiler</Filter>
    </ClInclude>
    <ClInclude Include="T:\VisualStudio\ThinMatrix\libs\assimp\include\assimp\Compiler\pstdint.h">
      <Filter>Compiler</Filter>
    </ClInclude>
  </ItemGroup>
  <ItemGroup>
    <CustomBuild Include="T:\VisualStudio\ThinMatrix\libs\assimp\code\CMakeLists.txt" />
  </ItemGroup>
  <ItemGroup>
    <ResourceCompile Include="T:\VisualStudio\ThinMatrix\libs\assimp\code\res\assimp.rc">
      <Filter>Source Files</Filter>
    </ResourceCompile>
  </ItemGroup>
  <ItemGroup>
    <Filter Include="AssetLib">
      <UniqueIdentifier>{EE47B5C2-EC37-3F71-A07B-87F13C5BBB22}</UniqueIdentifier>
    </Filter>
    <Filter Include="AssetLib\3D">
      <UniqueIdentifier>{7B803990-4BDF-303E-8EC3-33C60FBC1CC5}</UniqueIdentifier>
    </Filter>
    <Filter Include="AssetLib\3DS">
      <UniqueIdentifier>{8E51939C-66DB-306C-9B31-86041383145A}</UniqueIdentifier>
    </Filter>
    <Filter Include="AssetLib\3MF">
      <UniqueIdentifier>{77798C32-0109-3FC1-A470-16303F7092DF}</UniqueIdentifier>
    </Filter>
    <Filter Include="AssetLib\AC">
      <UniqueIdentifier>{70AF6540-D5D3-31CC-B040-2889103BC0DF}</UniqueIdentifier>
    </Filter>
    <Filter Include="AssetLib\AMF">
      <UniqueIdentifier>{9520E2DB-0FD7-35F5-9CE8-E396A7939A0F}</UniqueIdentifier>
    </Filter>
    <Filter Include="AssetLib\ASE">
      <UniqueIdentifier>{0AF6F5EA-93F8-3993-91F5-CE6E53418112}</UniqueIdentifier>
    </Filter>
    <Filter Include="AssetLib\ASSBIN">
      <UniqueIdentifier>{D97A2AC0-AA79-30F2-9F2C-0105EE3428F4}</UniqueIdentifier>
    </Filter>
    <Filter Include="AssetLib\ASSJSON">
      <UniqueIdentifier>{03A67918-0DD1-3EB4-A284-3A60FC073EFC}</UniqueIdentifier>
    </Filter>
    <Filter Include="AssetLib\ASSXML">
      <UniqueIdentifier>{14C26DE2-7648-310B-9A65-28C7707E53EE}</UniqueIdentifier>
    </Filter>
    <Filter Include="AssetLib\B3D">
      <UniqueIdentifier>{89A9D593-4E86-3AAF-810A-98312CBFA4C0}</UniqueIdentifier>
    </Filter>
    <Filter Include="AssetLib\BLEND">
      <UniqueIdentifier>{9A493C96-C816-3437-B1A5-AE22CDE2A3AE}</UniqueIdentifier>
    </Filter>
    <Filter Include="AssetLib\BVH">
      <UniqueIdentifier>{8DD980B9-CA4A-3303-BCB2-2971CA976782}</UniqueIdentifier>
    </Filter>
    <Filter Include="AssetLib\COB">
      <UniqueIdentifier>{08869A99-5ADE-3B97-BB4B-53272916D5AF}</UniqueIdentifier>
    </Filter>
    <Filter Include="AssetLib\COLLADA">
      <UniqueIdentifier>{81A574E1-3F36-39A6-8367-9B077F540CE8}</UniqueIdentifier>
    </Filter>
    <Filter Include="AssetLib\CSM">
      <UniqueIdentifier>{96A35439-2091-35AD-ABEE-869696A6F53A}</UniqueIdentifier>
    </Filter>
    <Filter Include="AssetLib\DXF">
      <UniqueIdentifier>{FB3986E6-CBC2-3A19-958D-97B6155C0C8C}</UniqueIdentifier>
    </Filter>
    <Filter Include="AssetLib\FBX">
      <UniqueIdentifier>{6BC38922-3EC5-36DF-9DE5-4DD612F89EEA}</UniqueIdentifier>
    </Filter>
    <Filter Include="AssetLib\GLTF">
      <UniqueIdentifier>{C16FCCEE-D09D-326F-82F7-50B92A574C1D}</UniqueIdentifier>
    </Filter>
    <Filter Include="AssetLib\HMP">
      <UniqueIdentifier>{6F1CFD82-E7A0-3724-9085-4EFA203B6517}</UniqueIdentifier>
    </Filter>
    <Filter Include="AssetLib\IFC">
      <UniqueIdentifier>{FD00330F-64F2-38BE-BA19-28916869BF52}</UniqueIdentifier>
    </Filter>
    <Filter Include="AssetLib\IQM">
      <UniqueIdentifier>{6BA7DF87-F02E-359B-9D4C-6FE2781A3B0A}</UniqueIdentifier>
    </Filter>
    <Filter Include="AssetLib\IRR">
      <UniqueIdentifier>{B3C7EC1C-FA5A-3E4C-9895-71FED9358263}</UniqueIdentifier>
    </Filter>
    <Filter Include="AssetLib\IRRMESH">
      <UniqueIdentifier>{18FA99DA-A0F5-32D5-B689-F4FC43B434C6}</UniqueIdentifier>
    </Filter>
    <Filter Include="AssetLib\LWO">
      <UniqueIdentifier>{771C9D11-7B63-3454-BC84-EF8D3E362F42}</UniqueIdentifier>
    </Filter>
    <Filter Include="AssetLib\LWS">
      <UniqueIdentifier>{2490F155-28A3-3DE3-8854-46E21E3613EC}</UniqueIdentifier>
    </Filter>
    <Filter Include="AssetLib\MD2">
      <UniqueIdentifier>{68CDFBD1-B9BD-3154-9A52-3CFE3582F3C5}</UniqueIdentifier>
    </Filter>
    <Filter Include="AssetLib\MD3">
      <UniqueIdentifier>{21746DAA-F3AD-3FA1-8CC2-36B5029FCCFE}</UniqueIdentifier>
    </Filter>
    <Filter Include="AssetLib\MD5">
      <UniqueIdentifier>{443E63D5-D759-33C6-BFAA-3311CC0AD3DA}</UniqueIdentifier>
    </Filter>
    <Filter Include="AssetLib\MDC">
      <UniqueIdentifier>{A7553219-4003-3133-BED4-BF8ADB3C26CC}</UniqueIdentifier>
    </Filter>
    <Filter Include="AssetLib\MDL">
      <UniqueIdentifier>{8E7EFDEB-4A65-31B6-8BCD-C00684974B0A}</UniqueIdentifier>
    </Filter>
    <Filter Include="AssetLib\MMD">
      <UniqueIdentifier>{9B924360-02CD-306C-BFAD-5A9292B99302}</UniqueIdentifier>
    </Filter>
    <Filter Include="AssetLib\MS3D">
      <UniqueIdentifier>{94E7D138-EEF2-3C35-9111-C90C67951B55}</UniqueIdentifier>
    </Filter>
    <Filter Include="AssetLib\NDO">
      <UniqueIdentifier>{8CE42997-1BCA-3323-969F-1FD792D0A5EF}</UniqueIdentifier>
    </Filter>
    <Filter Include="AssetLib\NFF">
      <UniqueIdentifier>{13C5ED99-0AF5-302C-AD59-7C9699F1898F}</UniqueIdentifier>
    </Filter>
    <Filter Include="AssetLib\OBJ">
      <UniqueIdentifier>{660688AE-D184-31D1-8AF8-E13B6E940FD2}</UniqueIdentifier>
    </Filter>
    <Filter Include="AssetLib\OFF">
      <UniqueIdentifier>{8E2D0311-CEE2-3DCF-818E-D51FF2BD607D}</UniqueIdentifier>
    </Filter>
    <Filter Include="AssetLib\OGRE">
      <UniqueIdentifier>{FED6AC2D-531A-3A9E-A067-40D89AE6AFDE}</UniqueIdentifier>
    </Filter>
    <Filter Include="AssetLib\OPENGEX">
      <UniqueIdentifier>{D56A7D44-7B7E-3667-92D0-5B65E22FE667}</UniqueIdentifier>
    </Filter>
    <Filter Include="AssetLib\PBRT">
      <UniqueIdentifier>{F630E302-C689-3051-AE06-44F5A236693E}</UniqueIdentifier>
    </Filter>
    <Filter Include="AssetLib\PLY">
      <UniqueIdentifier>{3EA43C93-C191-3D2C-90A0-3DB1509004B1}</UniqueIdentifier>
    </Filter>
    <Filter Include="AssetLib\Q3BSP">
      <UniqueIdentifier>{0276CA18-E927-3683-AF6E-21333C7C9438}</UniqueIdentifier>
    </Filter>
    <Filter Include="AssetLib\Q3D">
      <UniqueIdentifier>{50221539-940C-341F-A34D-218CA0F3D2AF}</UniqueIdentifier>
    </Filter>
    <Filter Include="AssetLib\RAW">
      <UniqueIdentifier>{446C294D-F994-3215-A4A8-0B2BBE506A17}</UniqueIdentifier>
    </Filter>
    <Filter Include="AssetLib\SIB">
      <UniqueIdentifier>{20ADD83A-8B96-3C4D-A16F-47B0DF07B1EB}</UniqueIdentifier>
    </Filter>
    <Filter Include="AssetLib\SMD">
      <UniqueIdentifier>{E18568A6-0565-3095-8CE6-57B4C4ABB562}</UniqueIdentifier>
    </Filter>
    <Filter Include="AssetLib\STEP">
      <UniqueIdentifier>{66C5E065-89D8-3248-AE21-E308E3493268}</UniqueIdentifier>
    </Filter>
    <Filter Include="AssetLib\STL">
      <UniqueIdentifier>{3E258288-43E9-3187-B105-8B4E157CC220}</UniqueIdentifier>
    </Filter>
    <Filter Include="AssetLib\TERRAGEN">
      <UniqueIdentifier>{8D99C709-A077-388E-96DD-357FC9A09769}</UniqueIdentifier>
    </Filter>
    <Filter Include="AssetLib\X">
      <UniqueIdentifier>{03CEE650-93E3-32F0-8EFD-EE4EEDACCC7E}</UniqueIdentifier>
    </Filter>
    <Filter Include="AssetLib\X3D">
      <UniqueIdentifier>{F9D47F33-FF64-367F-9EAA-6B47BA23EC01}</UniqueIdentifier>
    </Filter>
    <Filter Include="AssetLib\XGL">
      <UniqueIdentifier>{746ABDAA-C69B-3D98-80A1-1852D81E2541}</UniqueIdentifier>
    </Filter>
    <Filter Include="CApi">
      <UniqueIdentifier>{A9553C03-73A3-3A24-B343-73A3DC19077A}</UniqueIdentifier>
    </Filter>
    <Filter Include="Common">
      <UniqueIdentifier>{11A0EFAF-A0AB-3C39-B7EB-D2A441BC8941}</UniqueIdentifier>
    </Filter>
    <Filter Include="Compiler">
      <UniqueIdentifier>{977F9EDC-2944-3C45-9B32-0DAA03C792AD}</UniqueIdentifier>
    </Filter>
    <Filter Include="Contrib">
      <UniqueIdentifier>{8597FF82-94D8-333F-90A5-4009E48A81E7}</UniqueIdentifier>
    </Filter>
    <Filter Include="Contrib\Clipper">
      <UniqueIdentifier>{A6053A1F-3E2C-3389-A6AC-01197EAC7D4B}</UniqueIdentifier>
    </Filter>
    <Filter Include="Contrib\Poly2Tri">
      <UniqueIdentifier>{335EEC0A-DCD5-34AE-8552-224E3DAE6992}</UniqueIdentifier>
    </Filter>
    <Filter Include="Contrib\Pugixml">
      <UniqueIdentifier>{EE31921A-F5E3-30BE-B141-60FBA567B8B8}</UniqueIdentifier>
    </Filter>
    <Filter Include="Contrib\open3dgc">
      <UniqueIdentifier>{D7C793F0-A858-3C38-98CE-A5871FFF1F95}</UniqueIdentifier>
    </Filter>
    <Filter Include="Contrib\openddl_parser">
      <UniqueIdentifier>{A0110A16-FC66-3113-839D-8CD963BF21A7}</UniqueIdentifier>
    </Filter>
    <Filter Include="Contrib\stb">
      <UniqueIdentifier>{8CB488A8-9A68-30ED-A090-AC56B52FDABB}</UniqueIdentifier>
    </Filter>
    <Filter Include="Contrib\unzip">
      <UniqueIdentifier>{B6DDEFCF-B2A0-3844-91E3-B1DF90C9B665}</UniqueIdentifier>
    </Filter>
    <Filter Include="Exporter">
      <UniqueIdentifier>{2FFA0169-4DD3-37D1-899A-46A10824BA11}</UniqueIdentifier>
    </Filter>
    <Filter Include="Geometry">
      <UniqueIdentifier>{C828638E-3B8C-3C5C-AF9D-B97D7B1F9A92}</UniqueIdentifier>
    </Filter>
    <Filter Include="Logging">
      <UniqueIdentifier>{08C3700F-7AC2-3CFD-9B70-D6D1E7C297F4}</UniqueIdentifier>
    </Filter>
    <Filter Include="MaterialSystem">
      <UniqueIdentifier>{291A5BAC-0A7A-3E7F-801F-F2FCD9885D9C}</UniqueIdentifier>
    </Filter>
    <Filter Include="PostProcessing">
      <UniqueIdentifier>{66A1CB99-9232-3C74-A7E1-B191477D6C95}</UniqueIdentifier>
    </Filter>
    <Filter Include="STEPParser">
      <UniqueIdentifier>{AA66F053-FB1B-3F74-A9CD-69EB4493E6A1}</UniqueIdentifier>
    </Filter>
    <Filter Include="Source Files">
      <UniqueIdentifier>{B7A9997B-6D2C-3A35-9551-CFB3F754D004}</UniqueIdentifier>
    </Filter>
    <Filter Include="include">
      <UniqueIdentifier>{50D0E8B8-1FAA-3E3B-83F1-059258C20F9B}</UniqueIdentifier>
    </Filter>
    <Filter Include="include\assimp">
      <UniqueIdentifier>{C4B6F27D-05AC-32E9-B547-4DF0C940D580}</UniqueIdentifier>
    </Filter>
    <Filter Include="ziplib">
      <UniqueIdentifier>{3162BB07-E4E3-30BF-B6AD-0430B12700D9}</UniqueIdentifier>
    </Filter>
  </ItemGroup>
</Project>
