<?xml version="1.0" encoding="utf-8"?>
<Project ToolsVersion="17.0" xmlns="http://schemas.microsoft.com/developer/msbuild/2003">
  <ItemGroup>
    <CustomBuild Include="T:\VisualStudio\ThinMatrix\build-debug\CMakeFiles\2ea4b78cfeff01208e78417e124bc834\INSTALL_force.rule">
      <Filter>CMake Rules</Filter>
    </CustomBuild>
  </ItemGroup>
  <ItemGroup>
    <Filter Include="CMake Rules">
      <UniqueIdentifier>{DD9E9B7C-D6F4-3863-A246-C9593EB9835A}</UniqueIdentifier>
    </Filter>
  </ItemGroup>
</Project>
