<?xml version="1.0" encoding="utf-8"?>
<Project ToolsVersion="17.0" xmlns="http://schemas.microsoft.com/developer/msbuild/2003">
  <ItemGroup>
    <ClCompile Include="T:\VisualStudio\ThinMatrix\libs\stb_image\src\stb_image.cpp">
      <Filter>Source Files</Filter>
    </ClCompile>
  </ItemGroup>
  <ItemGroup>
    <CustomBuild Include="T:\VisualStudio\ThinMatrix\libs\stb_image\CMakeLists.txt" />
  </ItemGroup>
  <ItemGroup>
    <Filter Include="Source Files">
      <UniqueIdentifier>{3643FB77-11F8-3A89-B7C7-E4FF36B5D802}</UniqueIdentifier>
    </Filter>
  </ItemGroup>
</Project>
